{
  "version": 4,
  "terraform_version": "0.12.24",
  "serial": 53,
  "lineage": "f6c2ea91-6674-788d-4d54-ca4889b07b63",
  "outputs": {
    "cluster_ca_certificate": {
      "value": "-----BEGIN CERTIFICATE-----\nMIIDKzCCAhOgAwIBAgIRAOB0c+JOVVZxD+8MC5bTdTwwDQYJKoZIhvcNAQELBQAw\nLzEtMCsGA1UEAxMkYmIzOTJiZTMtMDEzMi00MzNjLWIzZTAtNDk3Y2E3NGRhZGJm\nMB4XDTIwMTEyNzA1MDg1MVoXDTI1MTEyNjA2MDg1MVowLzEtMCsGA1UEAxMkYmIz\nOTJiZTMtMDEzMi00MzNjLWIzZTAtNDk3Y2E3NGRhZGJmMIIBIjANBgkqhkiG9w0B\nAQEFAAOCAQ8AMIIBCgKCAQEAqNypp51cMnHzRMqPjf+NL9lwcRWXX7ImPiLavg4D\nSGlZk2ixjhW31gt6eN0f0H0AZFFW5Casx3+V4R7UNwYC8meTO6m/WeCr66oNN9JM\nQBMU+PExJG86c9ux4zhEjetQWbET+PcDawVKo5kYdGmLfswo0rtmwepPJoetShwt\nyjFhahedpB3kqEh9rouY+oP3PwBhL9vU+LKk4sGT+nyZPhOKb64LRe452H5VkH9T\nAmXWsiH4NqBQRcRDjzoRZe3n5OBjEAcSuzzN7cQ6ouftZ9n9m/5Tab05tYBS20Pm\nXj6WljuLSaqQ2oESHw3msLsK2Zawoldo9waPBXB/FlPgFwIDAQABo0IwQDAOBgNV\nHQ8BAf8EBAMCAgQwDwYDVR0TAQH/BAUwAwEB/zAdBgNVHQ4EFgQUU/Z+wBrz7r2N\nFu38bNCStAaHFb0wDQYJKoZIhvcNAQELBQADggEBAH6Nbf6DxXtVvB7T6eWtBQ5Q\n5KNs1A4UgIpEhSqXDuDHNwl4HsquhWt7B74ydagNqUqHOeV5YqJp6aOuy6g5qVng\nV7Dv605u2+A0NnUC1QUlThSBpCS6Yhw7Gr2aJOKP2sqeu7oh16FmNsvMv83Ehi4C\ngCubf8OHC/J/sNfbQy5hyoFg3YbX9FBiU3XSF8j3cdbWnINM24L93b+gSWAFeSxz\nUrdOnPJtM5JQgpsvFQhvziuoswnqy9Bu7sqEZUYt0szGCHA9h3tAjwD2Of/NqO/m\noDPqCtPR8Z4DFHnI32uuxjkcd4hofn4rwiUZ9iAIuJQtUFKk27KD88hzqqtEcfE=\n-----END CERTIFICATE-----\n",
      "type": "string"
    },
    "cluster_location": {
      "value": "us-central1",
      "type": "string"
    },
    "cluster_name": {
      "value": "gitlab",
      "type": "string"
    },
    "gitlab_address": {
      "value": "34.69.130.102",
      "type": "string"
    },
    "gitlab_url": {
      "value": "https://34.69.130.102.xip.io",
      "type": "string"
    },
    "host": {
      "value": "https://34.123.34.252",
      "type": "string"
    },
    "root_password_instructions": {
      "value": "\n  Run the following commands to get the root user password:\n\n  gcloud container clusters get-credentials gitlab --zone us-central1 --project birdybrain\n  kubectl get secret gitlab-gitlab-initial-root-password -o go-template='{{ .data.password }}' | base64 -d \u0026\u0026 echo\n",
      "type": "string"
    },
    "token": {
      "value": "ya29.a0AfH6SMBTF0WZxXGVCkUewtvKQ2mGmwNSCvWUbduzdyHr43qsF5_0_1Xv6zmZQG9To6rn5tdnzEunap-T4B2hcODpJC08Y2YwFchl2AoS8Aa5sL-x3zCfHszO04L2RZpDO17B491uF9h4X8IgUxUsPkTYEMf7dEQFkzWjG8izPBfGYmfINWFt1MQ4mC3LqIBbvuSIWdPe-9sWTbtB0zGENYFp21alZesEWXC8lPpWp4oKHhyRjxVUDDYIwTb16YFu_UXJ0KiYi27wU59wfhJy",
      "type": "string"
    }
  },
  "resources": [
    {
      "module": "module.gke.module.gcloud_delete_default_kube_dns_configmap.module.gcloud_kubectl",
      "mode": "data",
      "type": "external",
      "name": "env_override",
      "each": "list",
      "provider": "provider.external",
      "instances": []
    },
    {
      "module": "module.gke.module.gcloud_wait_for_cluster",
      "mode": "data",
      "type": "external",
      "name": "env_override",
      "each": "list",
      "provider": "provider.external",
      "instances": [
        {
          "index_key": 0,
          "schema_version": 0,
          "attributes": {
            "id": "-",
            "program": [
              ".terraform/modules/gke.gcloud_wait_for_cluster/scripts/check_env.sh"
            ],
            "query": null,
            "result": {
              "download": ""
            },
            "working_dir": null
          }
        }
      ]
    },
    {
      "module": "module.gke",
      "mode": "data",
      "type": "google_client_config",
      "name": "default",
      "provider": "provider.google",
      "instances": [
        {
          "schema_version": 0,
          "attributes": {
            "access_token": "ya29.a0AfH6SMBTF0WZxXGVCkUewtvKQ2mGmwNSCvWUbduzdyHr43qsF5_0_1Xv6zmZQG9To6rn5tdnzEunap-T4B2hcODpJC08Y2YwFchl2AoS8Aa5sL-x3zCfHszO04L2RZpDO17B491uF9h4X8IgUxUsPkTYEMf7dEQFkzWjG8izPBfGYmfINWFt1MQ4mC3LqIBbvuSIWdPe-9sWTbtB0zGENYFp21alZesEWXC8lPpWp4oKHhyRjxVUDDYIwTb16YFu_UXJ0KiYi27wU59wfhJy",
            "id": "projects/birdybrain/regions//zones/",
            "project": "birdybrain",
            "region": "",
            "zone": ""
          }
        }
      ]
    },
    {
      "module": "module.gke_auth",
      "mode": "data",
      "type": "google_client_config",
      "name": "provider",
      "provider": "provider.google",
      "instances": [
        {
          "schema_version": 0,
          "attributes": {
            "access_token": "ya29.a0AfH6SMBTF0WZxXGVCkUewtvKQ2mGmwNSCvWUbduzdyHr43qsF5_0_1Xv6zmZQG9To6rn5tdnzEunap-T4B2hcODpJC08Y2YwFchl2AoS8Aa5sL-x3zCfHszO04L2RZpDO17B491uF9h4X8IgUxUsPkTYEMf7dEQFkzWjG8izPBfGYmfINWFt1MQ4mC3LqIBbvuSIWdPe-9sWTbtB0zGENYFp21alZesEWXC8lPpWp4oKHhyRjxVUDDYIwTb16YFu_UXJ0KiYi27wU59wfhJy",
            "id": "projects/birdybrain/regions//zones/",
            "project": "birdybrain",
            "region": "",
            "zone": ""
          }
        }
      ]
    },
    {
      "mode": "data",
      "type": "google_compute_address",
      "name": "gitlab",
      "each": "list",
      "provider": "provider.google",
      "instances": []
    },
    {
      "module": "module.gke",
      "mode": "data",
      "type": "google_compute_subnetwork",
      "name": "gke_subnetwork",
      "each": "list",
      "provider": "provider.google",
      "instances": []
    },
    {
      "module": "module.gke",
      "mode": "data",
      "type": "google_compute_zones",
      "name": "available",
      "provider": "provider.google",
      "instances": [
        {
          "schema_version": 0,
          "attributes": {
            "id": "projects/birdybrain/regions/us-central1",
            "names": [
              "us-central1-a",
              "us-central1-b",
              "us-central1-c",
              "us-central1-f"
            ],
            "project": "birdybrain",
            "region": "us-central1",
            "status": null
          }
        }
      ]
    },
    {
      "module": "module.gke_auth",
      "mode": "data",
      "type": "google_container_cluster",
      "name": "gke_cluster",
      "provider": "provider.google",
      "instances": [
        {
          "schema_version": 0,
          "attributes": {
            "addons_config": [
              {
                "cloudrun_config": [],
                "horizontal_pod_autoscaling": [
                  {
                    "disabled": false
                  }
                ],
                "http_load_balancing": [
                  {
                    "disabled": false
                  }
                ],
                "network_policy_config": [
                  {
                    "disabled": false
                  }
                ]
              }
            ],
            "authenticator_groups_config": [],
            "cluster_autoscaling": [
              {
                "auto_provisioning_defaults": [],
                "enabled": false,
                "resource_limits": []
              }
            ],
            "cluster_ipv4_cidr": "10.3.0.0/16",
            "database_encryption": [
              {
                "key_name": "",
                "state": "DECRYPTED"
              }
            ],
            "default_max_pods_per_node": 110,
            "description": "",
            "enable_binary_authorization": false,
            "enable_intranode_visibility": null,
            "enable_kubernetes_alpha": false,
            "enable_legacy_abac": false,
            "enable_shielded_nodes": true,
            "enable_tpu": null,
            "endpoint": "34.123.34.252",
            "id": "projects/birdybrain/locations/us-central1/clusters/gitlab",
            "initial_node_count": 0,
            "instance_group_urls": [],
            "ip_allocation_policy": [
              {
                "cluster_ipv4_cidr_block": "10.3.0.0/16",
                "cluster_secondary_range_name": "gitlab-cluster-pod-cidr",
                "services_ipv4_cidr_block": "10.2.0.0/16",
                "services_secondary_range_name": "gitlab-cluster-service-cidr"
              }
            ],
            "label_fingerprint": "a9dc16a7",
            "location": "us-central1",
            "logging_service": "logging.googleapis.com/kubernetes",
            "maintenance_policy": [
              {
                "daily_maintenance_window": [
                  {
                    "duration": "PT4H0M0S",
                    "start_time": "05:00"
                  }
                ],
                "maintenance_exclusion": [],
                "recurring_window": []
              }
            ],
            "master_auth": [
              {
                "client_certificate": "LS0tLS1CRUdJTiBDRVJUSUZJQ0FURS0tLS0tCk1JSUMvRENDQWVTZ0F3SUJBZ0lSQUo2MEpickQ3VG85NGFHMXFiTldyOFF3RFFZSktvWklodmNOQVFFTEJRQXcKTHpFdE1Dc0dBMVVFQXhNa1ltSXpPVEppWlRNdE1ERXpNaTAwTXpOakxXSXpaVEF0TkRrM1kyRTNOR1JoWkdKbQpNQjRYRFRJd01URXlOekEyTURnMU1Wb1hEVEkxTVRFeU5qQTJNRGcxTVZvd0VURVBNQTBHQTFVRUF4TUdZMnhwClpXNTBNSUlCSWpBTkJna3Foa2lHOXcwQkFRRUZBQU9DQVE4QU1JSUJDZ0tDQVFFQTA3SzZ2NHJOeE01aWhmWG8KM2p4YzRJUy9TZGw3Z3JIZUhiNTdhZXlKWE5YVkJFQlQ1MjRVL0ZuLzRBMEIyQXNPTmUxM2N3L2V4VUk0dDhpZgpUY0VZYkZoTTRDMSsxQkpaRDZYZDNHdmRXWTFYNkxVODNjQ0U3ODNpZng3Y1MvUitTVmFFejdWK2Nzeis2ZFRWCkhLRVJ1QVlpUjZaY2FYV0NCNWtlbGZwbVNNd0N4SE1xUFJEZ1JNZDNjb3FtSXJXV3Q1Nmw2OGd1TmZLZHRqa28KQ3RsN2o0d0lOa3hxREJqR3VvVGFNaEdKT2pBc3kwYjR1T2ZxOVo4SVRVc3h5MlVvL2xqbDZkNWZTYjJzeVdqNwpIVVlNbXFDejRWakFGNjVsd3FtMTZuYUZwdlQ2Mk1vMXNBZjNOUjd3WFlibXJ1NWtZWjRIQVNUUUs4UFNjRFNtClRLZW1Od0lEQVFBQm96RXdMekFNQmdOVkhSTUJBZjhFQWpBQU1COEdBMVVkSXdRWU1CYUFGRlAyZnNBYTgrNjkKalJidC9HelFrclFHaHhXOU1BMEdDU3FHU0liM0RRRUJDd1VBQTRJQkFRQVVUNTRoZGlsbXpnUVhSVS9oaFlOdwpFWTdtL2NnWW1td3NTOTRpeUh0ZFc1aXIrZ25TMXFtVFA1azVRdkw4SHFVWGFVZ3hCV2xkMm5vT1NOd3VvZThzCjV0Qi9keGtlYXR4YmVjRW5iMnd0ekdCOXFpRUVacFlENWZzOE0yWDdJRUdzcnRpY1B3amRRa2FlQVE0R1FwV3oKWlpGb3hXSnp4ZWdOOU9rTDhIZmhkeWNpdElMaDNOQjBESkM3V21mNFFnZGxXcFJJb2FQQkZqaGRXK0h4K3B6cwpUdjhtWUt1SEF0b2x5aHd3UWdwYVJidlc4SS9JOXphWEFSZ1VnK1V5Q1dycjVueEtoMTNYU2IxZ1ovQVNkanVEClJ5TFBnR0FpSktyOVRsN1E3dHVlL3BKcCttVitNd01aQnp0SnBqVGRRSm44cjBVMVhSV0xjR3k5bTEySjROZFMKLS0tLS1FTkQgQ0VSVElGSUNBVEUtLS0tLQo=",
                "client_certificate_config": [
                  {
                    "issue_client_certificate": true
                  }
                ],
                "client_key": "LS0tLS1CRUdJTiBSU0EgUFJJVkFURSBLRVktLS0tLQpNSUlFb2dJQkFBS0NBUUVBMDdLNnY0ck54TTVpaGZYbzNqeGM0SVMvU2RsN2dySGVIYjU3YWV5SlhOWFZCRUJUCjUyNFUvRm4vNEEwQjJBc09OZTEzY3cvZXhVSTR0OGlmVGNFWWJGaE00QzErMUJKWkQ2WGQzR3ZkV1kxWDZMVTgKM2NDRTc4M2lmeDdjUy9SK1NWYUV6N1YrY3N6KzZkVFZIS0VSdUFZaVI2WmNhWFdDQjVrZWxmcG1TTXdDeEhNcQpQUkRnUk1kM2NvcW1JcldXdDU2bDY4Z3VOZktkdGprb0N0bDdqNHdJTmt4cURCakd1b1RhTWhHSk9qQXN5MGI0CnVPZnE5WjhJVFVzeHkyVW8vbGpsNmQ1ZlNiMnN5V2o3SFVZTW1xQ3o0VmpBRjY1bHdxbTE2bmFGcHZUNjJNbzEKc0FmM05SN3dYWWJtcnU1a1laNEhBU1RRSzhQU2NEU21US2VtTndJREFRQUJBb0lCQUJ5KzRUTFBJeis5RW8zRQpKWG0vMHBDK0ZjZHVXNklVaXVlWkRPTUdObVMvdUd3YVhBcEozVm1pMHViV2ZWQ2J0N05FNm5wYVJsS2N1bHppClJoZGx4KzQyVTBJQmkzNDZlNU52WDEvbDJhbW1VckNMbzVjczVDQTM0YkNIUFR5bkYxclgvN0xBbjBueFlnL1kKVVpQUW56cFF3dWpkd3lDaXp5USsrM004REJXSU52eTJyc2N4T2JTSi9BZnBlQ0Jia3RwVkkxam9PNDlEVnhMaQpmWHo0S0lpSGNtQnM5a1RFejg5K293UGIzdW9xTmZnMVJwOG84dVU1S3ByYlkwRjF0dm5VYlZ5T0ttMVBzUFVUClRSZ25scm9tQ2Vva0IxelRoNklZcjRQOFltNjYyWTRwVmxGQ1hXYlhFR2NhditNUGltcWJQb3FKblVSVFRVbUwKL25mNjROa0NnWUVBNzIwNVZCWGQ5Y29MUEZYUkpUY0h0YU5zMURxejNGOTRKRGpTaWZjak1uc1YxVFEyK2FNUApsTzVvZHExVVZ3OVBWSUFOMS8wNkVIOGRuL1hQdkNRcG1BeXpzQlZ5OVN3THpMbDkzVUdDZEpqMVQvZ3ZZZFo0CmNxbHl6TVNYK2R4T25kYXFKeDd5QTZGbS9CSWlFcWdUZHNyNDJDUUxqYjZvNDQvODVyRWtFdnNDZ1lFQTRsb2sKRXdjOUJDV0pHRlhtU3d0anJxNXFqckVCVWVHT2hBTWZxcW54NTlPbVRRUjJNVGRobThSamJlT2xSS0tUU05IQwp1Z1Y2d3RjTDlLcjNFYisyNkdGN0hrVVYrZWp1cHh3VVhURGQ0L1d1Sm00UmExa1hOb0xQWEJVb2pWN1p5bjhKCkxGTGZDMlB6bFBSMGE1dGxxSy9FMHFSZGVPbkVKME9ad2hVTHRQVUNnWUJpQ2tPelh0RG8yTGNKR2NydWhqNHQKN3FHZHRmdjRmVTlnNWJPd3N2WkNzWXdiSmFwdFJvd1czQmtDbjY4dGh5Tmc0cDdJbHZTejFKbDQ2dHNKbTNVOAp3ZGJDZjhYM0J2WTkrcWJEZHhQSVV1b0F1UXdOOEJpYU96QzdFTFY2cHUrNlNqQ2FuRjFWaHozNGNpUnBwMUZ4CkQyUWVmWVFOb3NqZGhoUjFFb3hIQ1FLQmdIK09WSzMwY2tvWDdQNHR5aTJZS1lDVEFiR1B4aktpYlhHdllQVUgKK0M2d2N4TUw1Sjh2bW0zeGFpYlBGcDlyRHAwR3VEbWtSTjN2MmVqelAzQmRIWEl2SFBhZDhCaDVUNlFVaXRWSgphSUhDUFhXaXFXWlpPbCtacjhrd2t6MjNxZndYUXRBYmsxNFQ0WHlibGMvZUxwZTFGYkd1dG80aERrMGlKMC9jCkZGRFJBb0dBYmxhZ28vdUNIaHFkL0dKOFNSZWZOTWoxT1FWTmIyYXdUdTF5Yjk0WXJLQXBEWFFTeFVmdVMzb0oKaEJxOGhqa2E3TUxDc29acS8zSTVPSlQrdUZiYisyYmdmSWx3Qzd1alRlclRHUS8xOEJMR245d0dIWHJIMDBqUQpXYXU4YytBMVk3TEZ0bDhVbFVkbyt2aXZQdW82eHFuZnI1UW9oRTVrOXkrWUEyRitPbkE9Ci0tLS0tRU5EIFJTQSBQUklWQVRFIEtFWS0tLS0tCg==",
                "cluster_ca_certificate": "LS0tLS1CRUdJTiBDRVJUSUZJQ0FURS0tLS0tCk1JSURLekNDQWhPZ0F3SUJBZ0lSQU9CMGMrSk9WVlp4RCs4TUM1YlRkVHd3RFFZSktvWklodmNOQVFFTEJRQXcKTHpFdE1Dc0dBMVVFQXhNa1ltSXpPVEppWlRNdE1ERXpNaTAwTXpOakxXSXpaVEF0TkRrM1kyRTNOR1JoWkdKbQpNQjRYRFRJd01URXlOekExTURnMU1Wb1hEVEkxTVRFeU5qQTJNRGcxTVZvd0x6RXRNQ3NHQTFVRUF4TWtZbUl6Ck9USmlaVE10TURFek1pMDBNek5qTFdJelpUQXRORGszWTJFM05HUmhaR0ptTUlJQklqQU5CZ2txaGtpRzl3MEIKQVFFRkFBT0NBUThBTUlJQkNnS0NBUUVBcU55cHA1MWNNbkh6Uk1xUGpmK05MOWx3Y1JXWFg3SW1QaUxhdmc0RApTR2xaazJpeGpoVzMxZ3Q2ZU4wZjBIMEFaRkZXNUNhc3gzK1Y0UjdVTndZQzhtZVRPNm0vV2VDcjY2b05OOUpNClFCTVUrUEV4Skc4NmM5dXg0emhFamV0UVdiRVQrUGNEYXdWS281a1lkR21MZnN3bzBydG13ZXBQSm9ldFNod3QKeWpGaGFoZWRwQjNrcUVoOXJvdVkrb1AzUHdCaEw5dlUrTEtrNHNHVCtueVpQaE9LYjY0TFJlNDUySDVWa0g5VApBbVhXc2lINE5xQlFSY1JEanpvUlplM241T0JqRUFjU3V6ek43Y1E2b3VmdFo5bjltLzVUYWIwNXRZQlMyMFBtClhqNldsanVMU2FxUTJvRVNIdzNtc0xzSzJaYXdvbGRvOXdhUEJYQi9GbFBnRndJREFRQUJvMEl3UURBT0JnTlYKSFE4QkFmOEVCQU1DQWdRd0R3WURWUjBUQVFIL0JBVXdBd0VCL3pBZEJnTlZIUTRFRmdRVVUvWit3QnJ6N3IyTgpGdTM4Yk5DU3RBYUhGYjB3RFFZSktvWklodmNOQVFFTEJRQURnZ0VCQUg2TmJmNkR4WHRWdkI3VDZlV3RCUTVRCjVLTnMxQTRVZ0lwRWhTcVhEdURITndsNEhzcXVoV3Q3Qjc0eWRhZ05xVXFIT2VWNVlxSnA2YU91eTZnNXFWbmcKVjdEdjYwNXUyK0EwTm5VQzFRVWxUaFNCcENTNllodzdHcjJhSk9LUDJzcWV1N29oMTZGbU5zdk12ODNFaGk0QwpnQ3ViZjhPSEMvSi9zTmZiUXk1aHlvRmczWWJYOUZCaVUzWFNGOGozY2RiV25JTk0yNEw5M2IrZ1NXQUZlU3h6ClVyZE9uUEp0TTVKUWdwc3ZGUWh2eml1b3N3bnF5OUJ1N3NxRVpVWXQwc3pHQ0hBOWgzdEFqd0QyT2YvTnFPL20Kb0RQcUN0UFI4WjRERkhuSTMydXV4amtjZDRob2ZuNHJ3aVVaOWlBSXVKUXRVRktrMjdLRDg4aHpxcXRFY2ZFPQotLS0tLUVORCBDRVJUSUZJQ0FURS0tLS0tCg==",
                "password": "",
                "username": ""
              }
            ],
            "master_authorized_networks_config": [],
            "master_version": "1.16.15-gke.4901",
            "min_master_version": null,
            "monitoring_service": "monitoring.googleapis.com/kubernetes",
            "name": "gitlab",
            "network": "projects/birdybrain/global/networks/gitlab",
            "network_policy": [
              {
                "enabled": true,
                "provider": "CALICO"
              }
            ],
            "node_config": [],
            "node_locations": [
              "us-central1-b",
              "us-central1-c",
              "us-central1-f"
            ],
            "node_pool": [],
            "node_version": "1.16.15-gke.4901",
            "operation": null,
            "pod_security_policy_config": null,
            "private_cluster_config": [],
            "project": "birdybrain",
            "release_channel": [
              {
                "channel": "UNSPECIFIED"
              }
            ],
            "remove_default_node_pool": null,
            "resource_labels": {},
            "resource_usage_export_config": [],
            "self_link": "https://container.googleapis.com/v1beta1/projects/birdybrain/locations/us-central1/clusters/gitlab",
            "services_ipv4_cidr": "10.2.0.0/16",
            "subnetwork": "projects/birdybrain/regions/us-central1/subnetworks/gitlab",
            "vertical_pod_autoscaling": [],
            "workload_identity_config": [
              {
                "identity_namespace": "birdybrain.svc.id.goog"
              }
            ]
          }
        }
      ]
    },
    {
      "module": "module.gke",
      "mode": "data",
      "type": "google_container_engine_versions",
      "name": "region",
      "provider": "provider.google",
      "instances": [
        {
          "schema_version": 0,
          "attributes": {
            "default_cluster_version": "1.16.13-gke.401",
            "id": "2020-11-27 06:08:05.850888647 +0000 UTC",
            "latest_master_version": "1.17.13-gke.2001",
            "latest_node_version": "1.17.13-gke.2001",
            "location": "us-central1",
            "project": "birdybrain",
            "release_channel_default_version": {
              "RAPID": "1.18.10-gke.1500",
              "REGULAR": "1.17.12-gke.1504",
              "STABLE": "1.16.13-gke.404"
            },
            "valid_master_versions": [
              "1.17.13-gke.2001",
              "1.17.13-gke.1400",
              "1.17.13-gke.600",
              "1.17.12-gke.2502",
              "1.17.12-gke.1504",
              "1.17.12-gke.1501",
              "1.16.15-gke.4901",
              "1.16.15-gke.4300",
              "1.16.15-gke.3500",
              "1.16.15-gke.2601",
              "1.16.15-gke.1600",
              "1.16.15-gke.500",
              "1.16.13-gke.404",
              "1.16.13-gke.403",
              "1.16.13-gke.401",
              "1.15.12-gke.6001",
              "1.15.12-gke.5000",
              "1.15.12-gke.4002",
              "1.15.12-gke.4000",
              "1.15.12-gke.20",
              "1.14.10-gke.1504",
              "1.14.10-gke.902",
              "1.14.10-gke.50"
            ],
            "valid_node_versions": [
              "1.17.13-gke.2001",
              "1.17.13-gke.1400",
              "1.17.13-gke.600",
              "1.17.12-gke.2502",
              "1.17.12-gke.1504",
              "1.17.12-gke.1501",
              "1.17.12-gke.500",
              "1.17.9-gke.6300",
              "1.17.9-gke.1504",
              "1.16.15-gke.4901",
              "1.16.15-gke.4300",
              "1.16.15-gke.3500",
              "1.16.15-gke.2601",
              "1.16.15-gke.1600",
              "1.16.15-gke.500",
              "1.16.13-gke.404",
              "1.16.13-gke.403",
              "1.16.13-gke.401",
              "1.16.13-gke.400",
              "1.16.13-gke.1",
              "1.16.11-gke.5",
              "1.16.10-gke.8",
              "1.16.9-gke.6",
              "1.16.9-gke.2",
              "1.16.8-gke.15",
              "1.16.8-gke.12",
              "1.16.8-gke.9",
              "1.15.12-gke.6001",
              "1.15.12-gke.5000",
              "1.15.12-gke.4002",
              "1.15.12-gke.4000",
              "1.15.12-gke.20",
              "1.15.12-gke.17",
              "1.15.12-gke.16",
              "1.15.12-gke.13",
              "1.15.12-gke.9",
              "1.15.12-gke.6",
              "1.15.12-gke.3",
              "1.15.12-gke.2",
              "1.15.11-gke.17",
              "1.15.11-gke.15",
              "1.15.11-gke.13",
              "1.15.11-gke.12",
              "1.15.11-gke.11",
              "1.15.11-gke.9",
              "1.15.11-gke.5",
              "1.15.11-gke.3",
              "1.15.11-gke.1",
              "1.15.9-gke.26",
              "1.15.9-gke.24",
              "1.15.9-gke.22",
              "1.15.9-gke.12",
              "1.15.9-gke.9",
              "1.15.9-gke.8",
              "1.15.8-gke.3",
              "1.15.8-gke.2",
              "1.15.7-gke.23",
              "1.15.7-gke.2",
              "1.15.4-gke.22",
              "1.14.10-gke.1504",
              "1.14.10-gke.902",
              "1.14.10-gke.50",
              "1.14.10-gke.46",
              "1.14.10-gke.45",
              "1.14.10-gke.42",
              "1.14.10-gke.41",
              "1.14.10-gke.40",
              "1.14.10-gke.37",
              "1.14.10-gke.36",
              "1.14.10-gke.34",
              "1.14.10-gke.32",
              "1.14.10-gke.31",
              "1.14.10-gke.27",
              "1.14.10-gke.24",
              "1.14.10-gke.22",
              "1.14.10-gke.21",
              "1.14.10-gke.17",
              "1.14.10-gke.0",
              "1.14.9-gke.23",
              "1.14.9-gke.2",
              "1.14.9-gke.0",
              "1.14.8-gke.33",
              "1.14.8-gke.21",
              "1.14.8-gke.18",
              "1.14.8-gke.17",
              "1.14.8-gke.14",
              "1.14.8-gke.12",
              "1.14.8-gke.7",
              "1.14.8-gke.2",
              "1.14.7-gke.40",
              "1.14.7-gke.25",
              "1.14.7-gke.23",
              "1.14.7-gke.17",
              "1.14.7-gke.14",
              "1.14.7-gke.10",
              "1.14.6-gke.13",
              "1.14.6-gke.2",
              "1.14.6-gke.1",
              "1.14.3-gke.11",
              "1.14.3-gke.10",
              "1.14.3-gke.9",
              "1.14.2-gke.9",
              "1.14.1-gke.5",
              "1.13.12-gke.30",
              "1.13.12-gke.25",
              "1.13.12-gke.17",
              "1.13.12-gke.16",
              "1.13.12-gke.14",
              "1.13.12-gke.13",
              "1.13.12-gke.10",
              "1.13.12-gke.8",
              "1.13.12-gke.4",
              "1.13.12-gke.2",
              "1.13.11-gke.23",
              "1.13.11-gke.15",
              "1.13.11-gke.14",
              "1.13.11-gke.12",
              "1.13.11-gke.11",
              "1.13.11-gke.9",
              "1.13.11-gke.5",
              "1.13.10-gke.7",
              "1.13.10-gke.0",
              "1.13.9-gke.11",
              "1.13.9-gke.3",
              "1.13.7-gke.24",
              "1.13.7-gke.19",
              "1.13.7-gke.15",
              "1.13.7-gke.8",
              "1.13.7-gke.0",
              "1.13.6-gke.13",
              "1.13.6-gke.6",
              "1.13.6-gke.5",
              "1.13.6-gke.0",
              "1.13.5-gke.10",
              "1.12.10-gke.22",
              "1.12.10-gke.20",
              "1.12.10-gke.19",
              "1.12.10-gke.18",
              "1.12.10-gke.17",
              "1.12.10-gke.15",
              "1.12.10-gke.13",
              "1.12.10-gke.11",
              "1.12.10-gke.5",
              "1.12.9-gke.16",
              "1.12.9-gke.15",
              "1.12.9-gke.13",
              "1.12.9-gke.10",
              "1.12.9-gke.7",
              "1.12.9-gke.3",
              "1.12.8-gke.12",
              "1.12.8-gke.10",
              "1.12.8-gke.7",
              "1.12.8-gke.6",
              "1.12.7-gke.26",
              "1.12.7-gke.25",
              "1.12.7-gke.24",
              "1.12.7-gke.22",
              "1.12.7-gke.21",
              "1.12.7-gke.17",
              "1.12.7-gke.10",
              "1.12.7-gke.7",
              "1.12.6-gke.11",
              "1.12.6-gke.10",
              "1.12.6-gke.7",
              "1.12.5-gke.10",
              "1.12.5-gke.5",
              "1.11.10-gke.6",
              "1.11.10-gke.5"
            ],
            "version_prefix": null
          }
        }
      ]
    },
    {
      "module": "module.gke",
      "mode": "data",
      "type": "google_container_engine_versions",
      "name": "zone",
      "provider": "provider.google",
      "instances": [
        {
          "schema_version": 0,
          "attributes": {
            "default_cluster_version": "1.16.13-gke.401",
            "id": "2020-11-27 06:08:06.313191062 +0000 UTC",
            "latest_master_version": "1.17.13-gke.2001",
            "latest_node_version": "1.17.13-gke.2001",
            "location": "us-central1-a",
            "project": "birdybrain",
            "release_channel_default_version": {
              "RAPID": "1.18.10-gke.1500",
              "REGULAR": "1.17.12-gke.1504",
              "STABLE": "1.16.13-gke.404"
            },
            "valid_master_versions": [
              "1.17.13-gke.2001",
              "1.17.13-gke.1400",
              "1.17.13-gke.600",
              "1.17.12-gke.2502",
              "1.17.12-gke.1504",
              "1.17.12-gke.1501",
              "1.16.15-gke.4901",
              "1.16.15-gke.4300",
              "1.16.15-gke.3500",
              "1.16.15-gke.2601",
              "1.16.15-gke.1600",
              "1.16.15-gke.500",
              "1.16.13-gke.404",
              "1.16.13-gke.403",
              "1.16.13-gke.401",
              "1.15.12-gke.6001",
              "1.15.12-gke.5000",
              "1.15.12-gke.4002",
              "1.15.12-gke.4000",
              "1.15.12-gke.20",
              "1.14.10-gke.1504",
              "1.14.10-gke.902",
              "1.14.10-gke.50"
            ],
            "valid_node_versions": [
              "1.17.13-gke.2001",
              "1.17.13-gke.1400",
              "1.17.13-gke.600",
              "1.17.12-gke.2502",
              "1.17.12-gke.1504",
              "1.17.12-gke.1501",
              "1.17.12-gke.500",
              "1.17.9-gke.6300",
              "1.17.9-gke.1504",
              "1.16.15-gke.4901",
              "1.16.15-gke.4300",
              "1.16.15-gke.3500",
              "1.16.15-gke.2601",
              "1.16.15-gke.1600",
              "1.16.15-gke.500",
              "1.16.13-gke.404",
              "1.16.13-gke.403",
              "1.16.13-gke.401",
              "1.16.13-gke.400",
              "1.16.13-gke.1",
              "1.16.11-gke.5",
              "1.16.10-gke.8",
              "1.16.9-gke.6",
              "1.16.9-gke.2",
              "1.16.8-gke.15",
              "1.16.8-gke.12",
              "1.16.8-gke.9",
              "1.15.12-gke.6001",
              "1.15.12-gke.5000",
              "1.15.12-gke.4002",
              "1.15.12-gke.4000",
              "1.15.12-gke.20",
              "1.15.12-gke.17",
              "1.15.12-gke.16",
              "1.15.12-gke.13",
              "1.15.12-gke.9",
              "1.15.12-gke.6",
              "1.15.12-gke.3",
              "1.15.12-gke.2",
              "1.15.11-gke.17",
              "1.15.11-gke.15",
              "1.15.11-gke.13",
              "1.15.11-gke.12",
              "1.15.11-gke.11",
              "1.15.11-gke.9",
              "1.15.11-gke.5",
              "1.15.11-gke.3",
              "1.15.11-gke.1",
              "1.15.9-gke.26",
              "1.15.9-gke.24",
              "1.15.9-gke.22",
              "1.15.9-gke.12",
              "1.15.9-gke.9",
              "1.15.9-gke.8",
              "1.15.8-gke.3",
              "1.15.8-gke.2",
              "1.15.7-gke.23",
              "1.15.7-gke.2",
              "1.15.4-gke.22",
              "1.14.10-gke.1504",
              "1.14.10-gke.902",
              "1.14.10-gke.50",
              "1.14.10-gke.46",
              "1.14.10-gke.45",
              "1.14.10-gke.42",
              "1.14.10-gke.41",
              "1.14.10-gke.40",
              "1.14.10-gke.37",
              "1.14.10-gke.36",
              "1.14.10-gke.34",
              "1.14.10-gke.32",
              "1.14.10-gke.31",
              "1.14.10-gke.27",
              "1.14.10-gke.24",
              "1.14.10-gke.22",
              "1.14.10-gke.21",
              "1.14.10-gke.17",
              "1.14.10-gke.0",
              "1.14.9-gke.23",
              "1.14.9-gke.2",
              "1.14.9-gke.0",
              "1.14.8-gke.33",
              "1.14.8-gke.21",
              "1.14.8-gke.18",
              "1.14.8-gke.17",
              "1.14.8-gke.14",
              "1.14.8-gke.12",
              "1.14.8-gke.7",
              "1.14.8-gke.2",
              "1.14.7-gke.40",
              "1.14.7-gke.25",
              "1.14.7-gke.23",
              "1.14.7-gke.17",
              "1.14.7-gke.14",
              "1.14.7-gke.10",
              "1.14.6-gke.13",
              "1.14.6-gke.2",
              "1.14.6-gke.1",
              "1.14.3-gke.11",
              "1.14.3-gke.10",
              "1.14.3-gke.9",
              "1.14.2-gke.9",
              "1.14.1-gke.5",
              "1.13.12-gke.30",
              "1.13.12-gke.25",
              "1.13.12-gke.17",
              "1.13.12-gke.16",
              "1.13.12-gke.14",
              "1.13.12-gke.13",
              "1.13.12-gke.10",
              "1.13.12-gke.8",
              "1.13.12-gke.4",
              "1.13.12-gke.2",
              "1.13.11-gke.23",
              "1.13.11-gke.15",
              "1.13.11-gke.14",
              "1.13.11-gke.12",
              "1.13.11-gke.11",
              "1.13.11-gke.9",
              "1.13.11-gke.5",
              "1.13.10-gke.7",
              "1.13.10-gke.0",
              "1.13.9-gke.11",
              "1.13.9-gke.3",
              "1.13.7-gke.24",
              "1.13.7-gke.19",
              "1.13.7-gke.15",
              "1.13.7-gke.8",
              "1.13.7-gke.0",
              "1.13.6-gke.13",
              "1.13.6-gke.6",
              "1.13.6-gke.5",
              "1.13.6-gke.0",
              "1.13.5-gke.10",
              "1.12.10-gke.22",
              "1.12.10-gke.20",
              "1.12.10-gke.19",
              "1.12.10-gke.18",
              "1.12.10-gke.17",
              "1.12.10-gke.15",
              "1.12.10-gke.13",
              "1.12.10-gke.11",
              "1.12.10-gke.5",
              "1.12.9-gke.16",
              "1.12.9-gke.15",
              "1.12.9-gke.13",
              "1.12.9-gke.10",
              "1.12.9-gke.7",
              "1.12.9-gke.3",
              "1.12.8-gke.12",
              "1.12.8-gke.10",
              "1.12.8-gke.7",
              "1.12.8-gke.6",
              "1.12.7-gke.26",
              "1.12.7-gke.25",
              "1.12.7-gke.24",
              "1.12.7-gke.22",
              "1.12.7-gke.21",
              "1.12.7-gke.17",
              "1.12.7-gke.10",
              "1.12.7-gke.7",
              "1.12.6-gke.11",
              "1.12.6-gke.10",
              "1.12.6-gke.7",
              "1.12.5-gke.10",
              "1.12.5-gke.5",
              "1.11.10-gke.6",
              "1.11.10-gke.5"
            ],
            "version_prefix": null
          }
        }
      ]
    },
    {
      "mode": "data",
      "type": "template_file",
      "name": "helm_values",
      "provider": "provider.template",
      "instances": [
        {
          "schema_version": 0,
          "attributes": {
            "filename": null,
            "id": "9576c53d43cee423b7ebb7cd9a4f7b1115699fd935127c0be3dcbd4e63c5ace5",
            "rendered": "# Values for gitlab/gitlab chart on GKE\nglobal:\n  edition: ce\n  hosts:\n    domain: 34.69.130.102.xip.io\n    https: true\n    gitlab: {}\n    externalIP: 34.69.130.102\n    ssh: ~\n\n  ## doc/charts/globals.md#configure-ingress-settings\n  ingress:\n    configureCertmanager: true\n    enabled: true\n    tls:\n      enabled: true\n\n  ## doc/charts/globals.md#configure-postgresql-settings\n  psql:\n    password:\n      secret: gitlab-pg\n      key: password\n    host: 10.1.0.3\n    port: 5432\n    username: gitlab\n    database: gitlabhq_production\n\n  redis:\n    password:\n      enabled: false\n    host: 10.229.158.180\n\n  ## doc/charts/globals.md#configure-minio-settings\n  minio:\n    enabled: false\n\n  ## doc/charts/globals.md#configure-appconfig-settings\n  ## Rails based portions of this chart share many settings\n  appConfig:\n    ## doc/charts/globals.md#general-application-settings\n    enableUsagePing: false\n\n    ## doc/charts/globals.md#lfs-artifacts-uploads-packages\n    backups:\n      bucket: birdybrain-gitlab-backups\n    lfs:\n      bucket: birdybrain-git-lfs\n      connection:\n        secret: gitlab-rails-storage\n        key: connection\n    artifacts:\n      bucket: birdybrain-gitlab-artifacts\n      connection:\n        secret: gitlab-rails-storage\n        key: connection\n    uploads:\n      bucket: birdybrain-gitlab-uploads\n      connection:\n        secret: gitlab-rails-storage\n        key: connection\n    packages:\n      bucket: birdybrain-gitlab-packages\n      connection:\n        secret: gitlab-rails-storage\n        key: connection\n\n    ## doc/charts/globals.md#pseudonymizer-settings\n    pseudonymizer:\n      bucket: birdybrain-gitlab-pseudo\n      connection:\n        secret: gitlab-rails-storage\n        key: connection\n\ncertmanager-issuer:\n  email: amilam@andrewmilam.com\n\nprometheus:\n  install: false\n\nredis:\n  install: false\n\ngitlab:\n  gitaly:\n    persistence:\n      size: 200Gi\n      storageClass: \"pd-ssd\"\n  task-runner:\n    backups:\n      objectStorage:\n        backend: gcs\n        config:\n          secret: google-application-credentials\n          key: gcs-application-credentials-file\n          gcpProject: birdybrain\n\npostgresql:\n  install: false\n\ngitlab-runner:\n  install: true\n  rbac:\n    create: true\n  runners:\n    locked: false\n    cache:\n      cacheType: gcs\n      gcsBucketName: birdybrain-runner-cache\n      secretName: google-application-credentials\n      cacheShared: true\n\nregistry:\n  enabled: true\n  storage:\n    secret: gitlab-registry-storage\n    key: storage\n    extraKey: gcs.json\n",
            "template": "# Values for gitlab/gitlab chart on GKE\nglobal:\n  edition: ce\n  hosts:\n    domain: ${DOMAIN}\n    https: true\n    gitlab: {}\n    externalIP: ${INGRESS_IP}\n    ssh: ~\n\n  ## doc/charts/globals.md#configure-ingress-settings\n  ingress:\n    configureCertmanager: true\n    enabled: true\n    tls:\n      enabled: true\n\n  ## doc/charts/globals.md#configure-postgresql-settings\n  psql:\n    password:\n      secret: gitlab-pg\n      key: password\n    host: ${DB_PRIVATE_IP}\n    port: 5432\n    username: gitlab\n    database: gitlabhq_production\n\n  redis:\n    password:\n      enabled: false\n    host: ${REDIS_PRIVATE_IP}\n\n  ## doc/charts/globals.md#configure-minio-settings\n  minio:\n    enabled: false\n\n  ## doc/charts/globals.md#configure-appconfig-settings\n  ## Rails based portions of this chart share many settings\n  appConfig:\n    ## doc/charts/globals.md#general-application-settings\n    enableUsagePing: false\n\n    ## doc/charts/globals.md#lfs-artifacts-uploads-packages\n    backups:\n      bucket: ${PROJECT_ID}-gitlab-backups\n    lfs:\n      bucket: ${PROJECT_ID}-git-lfs\n      connection:\n        secret: gitlab-rails-storage\n        key: connection\n    artifacts:\n      bucket: ${PROJECT_ID}-gitlab-artifacts\n      connection:\n        secret: gitlab-rails-storage\n        key: connection\n    uploads:\n      bucket: ${PROJECT_ID}-gitlab-uploads\n      connection:\n        secret: gitlab-rails-storage\n        key: connection\n    packages:\n      bucket: ${PROJECT_ID}-gitlab-packages\n      connection:\n        secret: gitlab-rails-storage\n        key: connection\n\n    ## doc/charts/globals.md#pseudonymizer-settings\n    pseudonymizer:\n      bucket: ${PROJECT_ID}-gitlab-pseudo\n      connection:\n        secret: gitlab-rails-storage\n        key: connection\n\ncertmanager-issuer:\n  email: ${CERT_MANAGER_EMAIL}\n\nprometheus:\n  install: false\n\nredis:\n  install: false\n\ngitlab:\n  gitaly:\n    persistence:\n      size: 200Gi\n      storageClass: \"pd-ssd\"\n  task-runner:\n    backups:\n      objectStorage:\n        backend: gcs\n        config:\n          secret: google-application-credentials\n          key: gcs-application-credentials-file\n          gcpProject: ${PROJECT_ID}\n\npostgresql:\n  install: false\n\ngitlab-runner:\n  install: ${GITLAB_RUNNER_INSTALL}\n  rbac:\n    create: true\n  runners:\n    locked: false\n    cache:\n      cacheType: gcs\n      gcsBucketName: ${PROJECT_ID}-runner-cache\n      secretName: google-application-credentials\n      cacheShared: true\n\nregistry:\n  enabled: true\n  storage:\n    secret: gitlab-registry-storage\n    key: storage\n    extraKey: gcs.json\n",
            "vars": {
              "CERT_MANAGER_EMAIL": "amilam@andrewmilam.com",
              "DB_PRIVATE_IP": "10.1.0.3",
              "DOMAIN": "34.69.130.102.xip.io",
              "GITLAB_RUNNER_INSTALL": "true",
              "INGRESS_IP": "34.69.130.102",
              "PROJECT_ID": "birdybrain",
              "REDIS_PRIVATE_IP": "10.229.158.180"
            }
          }
        }
      ]
    },
    {
      "module": "module.gke_auth",
      "mode": "data",
      "type": "template_file",
      "name": "kubeconfig",
      "provider": "provider.template",
      "instances": [
        {
          "schema_version": 0,
          "attributes": {
            "filename": null,
            "id": "701f39171319251fee671b0dff435784193a6526b5634e6a61396cabc496de6a",
            "rendered": "apiVersion: v1\nclusters:\n- cluster:\n    certificate-authority-data: LS0tLS1CRUdJTiBDRVJUSUZJQ0FURS0tLS0tCk1JSURLekNDQWhPZ0F3SUJBZ0lSQU9CMGMrSk9WVlp4RCs4TUM1YlRkVHd3RFFZSktvWklodmNOQVFFTEJRQXcKTHpFdE1Dc0dBMVVFQXhNa1ltSXpPVEppWlRNdE1ERXpNaTAwTXpOakxXSXpaVEF0TkRrM1kyRTNOR1JoWkdKbQpNQjRYRFRJd01URXlOekExTURnMU1Wb1hEVEkxTVRFeU5qQTJNRGcxTVZvd0x6RXRNQ3NHQTFVRUF4TWtZbUl6Ck9USmlaVE10TURFek1pMDBNek5qTFdJelpUQXRORGszWTJFM05HUmhaR0ptTUlJQklqQU5CZ2txaGtpRzl3MEIKQVFFRkFBT0NBUThBTUlJQkNnS0NBUUVBcU55cHA1MWNNbkh6Uk1xUGpmK05MOWx3Y1JXWFg3SW1QaUxhdmc0RApTR2xaazJpeGpoVzMxZ3Q2ZU4wZjBIMEFaRkZXNUNhc3gzK1Y0UjdVTndZQzhtZVRPNm0vV2VDcjY2b05OOUpNClFCTVUrUEV4Skc4NmM5dXg0emhFamV0UVdiRVQrUGNEYXdWS281a1lkR21MZnN3bzBydG13ZXBQSm9ldFNod3QKeWpGaGFoZWRwQjNrcUVoOXJvdVkrb1AzUHdCaEw5dlUrTEtrNHNHVCtueVpQaE9LYjY0TFJlNDUySDVWa0g5VApBbVhXc2lINE5xQlFSY1JEanpvUlplM241T0JqRUFjU3V6ek43Y1E2b3VmdFo5bjltLzVUYWIwNXRZQlMyMFBtClhqNldsanVMU2FxUTJvRVNIdzNtc0xzSzJaYXdvbGRvOXdhUEJYQi9GbFBnRndJREFRQUJvMEl3UURBT0JnTlYKSFE4QkFmOEVCQU1DQWdRd0R3WURWUjBUQVFIL0JBVXdBd0VCL3pBZEJnTlZIUTRFRmdRVVUvWit3QnJ6N3IyTgpGdTM4Yk5DU3RBYUhGYjB3RFFZSktvWklodmNOQVFFTEJRQURnZ0VCQUg2TmJmNkR4WHRWdkI3VDZlV3RCUTVRCjVLTnMxQTRVZ0lwRWhTcVhEdURITndsNEhzcXVoV3Q3Qjc0eWRhZ05xVXFIT2VWNVlxSnA2YU91eTZnNXFWbmcKVjdEdjYwNXUyK0EwTm5VQzFRVWxUaFNCcENTNllodzdHcjJhSk9LUDJzcWV1N29oMTZGbU5zdk12ODNFaGk0QwpnQ3ViZjhPSEMvSi9zTmZiUXk1aHlvRmczWWJYOUZCaVUzWFNGOGozY2RiV25JTk0yNEw5M2IrZ1NXQUZlU3h6ClVyZE9uUEp0TTVKUWdwc3ZGUWh2eml1b3N3bnF5OUJ1N3NxRVpVWXQwc3pHQ0hBOWgzdEFqd0QyT2YvTnFPL20Kb0RQcUN0UFI4WjRERkhuSTMydXV4amtjZDRob2ZuNHJ3aVVaOWlBSXVKUXRVRktrMjdLRDg4aHpxcXRFY2ZFPQotLS0tLUVORCBDRVJUSUZJQ0FURS0tLS0tCg==\n    server: https://34.123.34.252\n  name: gitlab\ncontexts:\n- context:\n    cluster: gitlab\n    user: gitlab\n  name: gitlab\ncurrent-context: gitlab\nkind: Config\npreferences: {}\nusers:\n- name: gitlab\n  user:\n    token: ya29.a0AfH6SMBTF0WZxXGVCkUewtvKQ2mGmwNSCvWUbduzdyHr43qsF5_0_1Xv6zmZQG9To6rn5tdnzEunap-T4B2hcODpJC08Y2YwFchl2AoS8Aa5sL-x3zCfHszO04L2RZpDO17B491uF9h4X8IgUxUsPkTYEMf7dEQFkzWjG8izPBfGYmfINWFt1MQ4mC3LqIBbvuSIWdPe-9sWTbtB0zGENYFp21alZesEWXC8lPpWp4oKHhyRjxVUDDYIwTb16YFu_UXJ0KiYi27wU59wfhJy\n",
            "template": "apiVersion: v1\nclusters:\n- cluster:\n    certificate-authority-data: ${cluster_ca_certificate}\n    server: https://${endpoint}\n  name: ${context}\ncontexts:\n- context:\n    cluster: ${context}\n    user: ${context}\n  name: ${context}\ncurrent-context: ${context}\nkind: Config\npreferences: {}\nusers:\n- name: ${context}\n  user:\n    token: ${token}\n",
            "vars": {
              "cluster_ca_certificate": "LS0tLS1CRUdJTiBDRVJUSUZJQ0FURS0tLS0tCk1JSURLekNDQWhPZ0F3SUJBZ0lSQU9CMGMrSk9WVlp4RCs4TUM1YlRkVHd3RFFZSktvWklodmNOQVFFTEJRQXcKTHpFdE1Dc0dBMVVFQXhNa1ltSXpPVEppWlRNdE1ERXpNaTAwTXpOakxXSXpaVEF0TkRrM1kyRTNOR1JoWkdKbQpNQjRYRFRJd01URXlOekExTURnMU1Wb1hEVEkxTVRFeU5qQTJNRGcxTVZvd0x6RXRNQ3NHQTFVRUF4TWtZbUl6Ck9USmlaVE10TURFek1pMDBNek5qTFdJelpUQXRORGszWTJFM05HUmhaR0ptTUlJQklqQU5CZ2txaGtpRzl3MEIKQVFFRkFBT0NBUThBTUlJQkNnS0NBUUVBcU55cHA1MWNNbkh6Uk1xUGpmK05MOWx3Y1JXWFg3SW1QaUxhdmc0RApTR2xaazJpeGpoVzMxZ3Q2ZU4wZjBIMEFaRkZXNUNhc3gzK1Y0UjdVTndZQzhtZVRPNm0vV2VDcjY2b05OOUpNClFCTVUrUEV4Skc4NmM5dXg0emhFamV0UVdiRVQrUGNEYXdWS281a1lkR21MZnN3bzBydG13ZXBQSm9ldFNod3QKeWpGaGFoZWRwQjNrcUVoOXJvdVkrb1AzUHdCaEw5dlUrTEtrNHNHVCtueVpQaE9LYjY0TFJlNDUySDVWa0g5VApBbVhXc2lINE5xQlFSY1JEanpvUlplM241T0JqRUFjU3V6ek43Y1E2b3VmdFo5bjltLzVUYWIwNXRZQlMyMFBtClhqNldsanVMU2FxUTJvRVNIdzNtc0xzSzJaYXdvbGRvOXdhUEJYQi9GbFBnRndJREFRQUJvMEl3UURBT0JnTlYKSFE4QkFmOEVCQU1DQWdRd0R3WURWUjBUQVFIL0JBVXdBd0VCL3pBZEJnTlZIUTRFRmdRVVUvWit3QnJ6N3IyTgpGdTM4Yk5DU3RBYUhGYjB3RFFZSktvWklodmNOQVFFTEJRQURnZ0VCQUg2TmJmNkR4WHRWdkI3VDZlV3RCUTVRCjVLTnMxQTRVZ0lwRWhTcVhEdURITndsNEhzcXVoV3Q3Qjc0eWRhZ05xVXFIT2VWNVlxSnA2YU91eTZnNXFWbmcKVjdEdjYwNXUyK0EwTm5VQzFRVWxUaFNCcENTNllodzdHcjJhSk9LUDJzcWV1N29oMTZGbU5zdk12ODNFaGk0QwpnQ3ViZjhPSEMvSi9zTmZiUXk1aHlvRmczWWJYOUZCaVUzWFNGOGozY2RiV25JTk0yNEw5M2IrZ1NXQUZlU3h6ClVyZE9uUEp0TTVKUWdwc3ZGUWh2eml1b3N3bnF5OUJ1N3NxRVpVWXQwc3pHQ0hBOWgzdEFqd0QyT2YvTnFPL20Kb0RQcUN0UFI4WjRERkhuSTMydXV4amtjZDRob2ZuNHJ3aVVaOWlBSXVKUXRVRktrMjdLRDg4aHpxcXRFY2ZFPQotLS0tLUVORCBDRVJUSUZJQ0FURS0tLS0tCg==",
              "context": "gitlab",
              "endpoint": "34.123.34.252",
              "token": "ya29.a0AfH6SMBTF0WZxXGVCkUewtvKQ2mGmwNSCvWUbduzdyHr43qsF5_0_1Xv6zmZQG9To6rn5tdnzEunap-T4B2hcODpJC08Y2YwFchl2AoS8Aa5sL-x3zCfHszO04L2RZpDO17B491uF9h4X8IgUxUsPkTYEMf7dEQFkzWjG8izPBfGYmfINWFt1MQ4mC3LqIBbvuSIWdPe-9sWTbtB0zGENYFp21alZesEWXC8lPpWp4oKHhyRjxVUDDYIwTb16YFu_UXJ0KiYi27wU59wfhJy"
            }
          }
        }
      ]
    },
    {
      "mode": "managed",
      "type": "google_compute_address",
      "name": "gitlab",
      "each": "list",
      "provider": "provider.google",
      "instances": [
        {
          "index_key": 0,
          "schema_version": 0,
          "attributes": {
            "address": "34.69.130.102",
            "address_type": "EXTERNAL",
            "creation_timestamp": "2020-11-26T22:08:06.431-08:00",
            "description": "Gitlab Ingress IP",
            "id": "projects/birdybrain/regions/us-central1/addresses/gitlab",
            "name": "gitlab",
            "network_tier": "PREMIUM",
            "project": "birdybrain",
            "purpose": "",
            "region": "us-central1",
            "self_link": "https://www.googleapis.com/compute/v1/projects/birdybrain/regions/us-central1/addresses/gitlab",
            "subnetwork": "",
            "timeouts": null,
            "users": []
          },
          "private": "eyJlMmJmYjczMC1lY2FhLTExZTYtOGY4OC0zNDM2M2JjN2M0YzAiOnsiY3JlYXRlIjoyNDAwMDAwMDAwMDAsImRlbGV0ZSI6MjQwMDAwMDAwMDAwfX0=",
          "dependencies": [
            "module.project_services.google_project_service.project_services"
          ]
        }
      ]
    },
    {
      "module": "module.gke",
      "mode": "managed",
      "type": "google_compute_firewall",
      "name": "intra_egress",
      "each": "list",
      "provider": "provider.google",
      "instances": []
    },
    {
      "module": "module.gke",
      "mode": "managed",
      "type": "google_compute_firewall",
      "name": "master_webhooks",
      "each": "list",
      "provider": "provider.google",
      "instances": []
    },
    {
      "mode": "managed",
      "type": "google_compute_global_address",
      "name": "gitlab_sql",
      "provider": "provider.google-beta",
      "instances": [
        {
          "schema_version": 0,
          "attributes": {
            "address": "10.1.0.0",
            "address_type": "INTERNAL",
            "creation_timestamp": "2020-11-26T22:08:28.419-08:00",
            "description": "",
            "id": "projects/birdybrain/global/addresses/gitlab-sql",
            "ip_version": "",
            "label_fingerprint": "42WmSpB8rSM=",
            "labels": null,
            "name": "gitlab-sql",
            "network": "https://www.googleapis.com/compute/v1/projects/birdybrain/global/networks/gitlab",
            "prefix_length": 16,
            "project": "birdybrain",
            "purpose": "VPC_PEERING",
            "self_link": "https://www.googleapis.com/compute/v1/projects/birdybrain/global/addresses/gitlab-sql",
            "timeouts": null
          },
          "private": "eyJlMmJmYjczMC1lY2FhLTExZTYtOGY4OC0zNDM2M2JjN2M0YzAiOnsiY3JlYXRlIjoyNDAwMDAwMDAwMDAsImRlbGV0ZSI6MjQwMDAwMDAwMDAwLCJ1cGRhdGUiOjI0MDAwMDAwMDAwMH19",
          "dependencies": [
            "google_compute_network.gitlab",
            "module.project_services.google_project_service.project_services"
          ]
        }
      ]
    },
    {
      "mode": "managed",
      "type": "google_compute_network",
      "name": "gitlab",
      "provider": "provider.google",
      "instances": [
        {
          "schema_version": 0,
          "attributes": {
            "auto_create_subnetworks": false,
            "delete_default_routes_on_create": false,
            "description": "",
            "gateway_ipv4": "",
            "id": "projects/birdybrain/global/networks/gitlab",
            "mtu": 0,
            "name": "gitlab",
            "project": "birdybrain",
            "routing_mode": "REGIONAL",
            "self_link": "https://www.googleapis.com/compute/v1/projects/birdybrain/global/networks/gitlab",
            "timeouts": null
          },
          "private": "eyJlMmJmYjczMC1lY2FhLTExZTYtOGY4OC0zNDM2M2JjN2M0YzAiOnsiY3JlYXRlIjoyNDAwMDAwMDAwMDAsImRlbGV0ZSI6MjQwMDAwMDAwMDAwLCJ1cGRhdGUiOjI0MDAwMDAwMDAwMH19",
          "dependencies": [
            "module.project_services.google_project_service.project_services"
          ]
        }
      ]
    },
    {
      "mode": "managed",
      "type": "google_compute_subnetwork",
      "name": "subnetwork",
      "provider": "provider.google",
      "instances": [
        {
          "schema_version": 0,
          "attributes": {
            "creation_timestamp": "2020-11-26T22:08:29.732-08:00",
            "description": "",
            "fingerprint": null,
            "gateway_address": "10.0.0.1",
            "id": "projects/birdybrain/regions/us-central1/subnetworks/gitlab",
            "ip_cidr_range": "10.0.0.0/16",
            "log_config": [],
            "name": "gitlab",
            "network": "https://www.googleapis.com/compute/v1/projects/birdybrain/global/networks/gitlab",
            "private_ip_google_access": false,
            "private_ipv6_google_access": "DISABLE_GOOGLE_ACCESS",
            "project": "birdybrain",
            "region": "us-central1",
            "secondary_ip_range": [
              {
                "ip_cidr_range": "10.3.0.0/16",
                "range_name": "gitlab-cluster-pod-cidr"
              },
              {
                "ip_cidr_range": "10.2.0.0/16",
                "range_name": "gitlab-cluster-service-cidr"
              }
            ],
            "self_link": "https://www.googleapis.com/compute/v1/projects/birdybrain/regions/us-central1/subnetworks/gitlab",
            "timeouts": null
          },
          "private": "eyJlMmJmYjczMC1lY2FhLTExZTYtOGY4OC0zNDM2M2JjN2M0YzAiOnsiY3JlYXRlIjozNjAwMDAwMDAwMDAsImRlbGV0ZSI6MzYwMDAwMDAwMDAwLCJ1cGRhdGUiOjM2MDAwMDAwMDAwMH19",
          "dependencies": [
            "google_compute_network.gitlab",
            "module.project_services.google_project_service.project_services"
          ]
        }
      ]
    },
    {
      "module": "module.gke",
      "mode": "managed",
      "type": "google_container_cluster",
      "name": "primary",
      "provider": "provider.google",
      "instances": [
        {
          "schema_version": 1,
          "attributes": {
            "addons_config": [
              {
                "cloudrun_config": [],
                "horizontal_pod_autoscaling": [
                  {
                    "disabled": false
                  }
                ],
                "http_load_balancing": [
                  {
                    "disabled": false
                  }
                ],
                "network_policy_config": [
                  {
                    "disabled": false
                  }
                ]
              }
            ],
            "authenticator_groups_config": [],
            "cluster_autoscaling": [
              {
                "auto_provisioning_defaults": [],
                "enabled": false,
                "resource_limits": []
              }
            ],
            "cluster_ipv4_cidr": "10.3.0.0/16",
            "database_encryption": [
              {
                "key_name": "",
                "state": "DECRYPTED"
              }
            ],
            "default_max_pods_per_node": 110,
            "description": "",
            "enable_binary_authorization": false,
            "enable_intranode_visibility": null,
            "enable_kubernetes_alpha": false,
            "enable_legacy_abac": false,
            "enable_shielded_nodes": true,
            "enable_tpu": null,
            "endpoint": "34.123.34.252",
            "id": "projects/birdybrain/locations/us-central1/clusters/gitlab",
            "initial_node_count": 0,
            "instance_group_urls": [],
            "ip_allocation_policy": [
              {
                "cluster_ipv4_cidr_block": "10.3.0.0/16",
                "cluster_secondary_range_name": "gitlab-cluster-pod-cidr",
                "services_ipv4_cidr_block": "10.2.0.0/16",
                "services_secondary_range_name": "gitlab-cluster-service-cidr"
              }
            ],
            "label_fingerprint": "a9dc16a7",
            "location": "us-central1",
            "logging_service": "logging.googleapis.com/kubernetes",
            "maintenance_policy": [
              {
                "daily_maintenance_window": [
                  {
                    "duration": "PT4H0M0S",
                    "start_time": "05:00"
                  }
                ],
                "maintenance_exclusion": [],
                "recurring_window": []
              }
            ],
            "master_auth": [
              {
                "client_certificate": "LS0tLS1CRUdJTiBDRVJUSUZJQ0FURS0tLS0tCk1JSUMvRENDQWVTZ0F3SUJBZ0lSQUo2MEpickQ3VG85NGFHMXFiTldyOFF3RFFZSktvWklodmNOQVFFTEJRQXcKTHpFdE1Dc0dBMVVFQXhNa1ltSXpPVEppWlRNdE1ERXpNaTAwTXpOakxXSXpaVEF0TkRrM1kyRTNOR1JoWkdKbQpNQjRYRFRJd01URXlOekEyTURnMU1Wb1hEVEkxTVRFeU5qQTJNRGcxTVZvd0VURVBNQTBHQTFVRUF4TUdZMnhwClpXNTBNSUlCSWpBTkJna3Foa2lHOXcwQkFRRUZBQU9DQVE4QU1JSUJDZ0tDQVFFQTA3SzZ2NHJOeE01aWhmWG8KM2p4YzRJUy9TZGw3Z3JIZUhiNTdhZXlKWE5YVkJFQlQ1MjRVL0ZuLzRBMEIyQXNPTmUxM2N3L2V4VUk0dDhpZgpUY0VZYkZoTTRDMSsxQkpaRDZYZDNHdmRXWTFYNkxVODNjQ0U3ODNpZng3Y1MvUitTVmFFejdWK2Nzeis2ZFRWCkhLRVJ1QVlpUjZaY2FYV0NCNWtlbGZwbVNNd0N4SE1xUFJEZ1JNZDNjb3FtSXJXV3Q1Nmw2OGd1TmZLZHRqa28KQ3RsN2o0d0lOa3hxREJqR3VvVGFNaEdKT2pBc3kwYjR1T2ZxOVo4SVRVc3h5MlVvL2xqbDZkNWZTYjJzeVdqNwpIVVlNbXFDejRWakFGNjVsd3FtMTZuYUZwdlQ2Mk1vMXNBZjNOUjd3WFlibXJ1NWtZWjRIQVNUUUs4UFNjRFNtClRLZW1Od0lEQVFBQm96RXdMekFNQmdOVkhSTUJBZjhFQWpBQU1COEdBMVVkSXdRWU1CYUFGRlAyZnNBYTgrNjkKalJidC9HelFrclFHaHhXOU1BMEdDU3FHU0liM0RRRUJDd1VBQTRJQkFRQVVUNTRoZGlsbXpnUVhSVS9oaFlOdwpFWTdtL2NnWW1td3NTOTRpeUh0ZFc1aXIrZ25TMXFtVFA1azVRdkw4SHFVWGFVZ3hCV2xkMm5vT1NOd3VvZThzCjV0Qi9keGtlYXR4YmVjRW5iMnd0ekdCOXFpRUVacFlENWZzOE0yWDdJRUdzcnRpY1B3amRRa2FlQVE0R1FwV3oKWlpGb3hXSnp4ZWdOOU9rTDhIZmhkeWNpdElMaDNOQjBESkM3V21mNFFnZGxXcFJJb2FQQkZqaGRXK0h4K3B6cwpUdjhtWUt1SEF0b2x5aHd3UWdwYVJidlc4SS9JOXphWEFSZ1VnK1V5Q1dycjVueEtoMTNYU2IxZ1ovQVNkanVEClJ5TFBnR0FpSktyOVRsN1E3dHVlL3BKcCttVitNd01aQnp0SnBqVGRRSm44cjBVMVhSV0xjR3k5bTEySjROZFMKLS0tLS1FTkQgQ0VSVElGSUNBVEUtLS0tLQo=",
                "client_certificate_config": [
                  {
                    "issue_client_certificate": true
                  }
                ],
                "client_key": "LS0tLS1CRUdJTiBSU0EgUFJJVkFURSBLRVktLS0tLQpNSUlFb2dJQkFBS0NBUUVBMDdLNnY0ck54TTVpaGZYbzNqeGM0SVMvU2RsN2dySGVIYjU3YWV5SlhOWFZCRUJUCjUyNFUvRm4vNEEwQjJBc09OZTEzY3cvZXhVSTR0OGlmVGNFWWJGaE00QzErMUJKWkQ2WGQzR3ZkV1kxWDZMVTgKM2NDRTc4M2lmeDdjUy9SK1NWYUV6N1YrY3N6KzZkVFZIS0VSdUFZaVI2WmNhWFdDQjVrZWxmcG1TTXdDeEhNcQpQUkRnUk1kM2NvcW1JcldXdDU2bDY4Z3VOZktkdGprb0N0bDdqNHdJTmt4cURCakd1b1RhTWhHSk9qQXN5MGI0CnVPZnE5WjhJVFVzeHkyVW8vbGpsNmQ1ZlNiMnN5V2o3SFVZTW1xQ3o0VmpBRjY1bHdxbTE2bmFGcHZUNjJNbzEKc0FmM05SN3dYWWJtcnU1a1laNEhBU1RRSzhQU2NEU21US2VtTndJREFRQUJBb0lCQUJ5KzRUTFBJeis5RW8zRQpKWG0vMHBDK0ZjZHVXNklVaXVlWkRPTUdObVMvdUd3YVhBcEozVm1pMHViV2ZWQ2J0N05FNm5wYVJsS2N1bHppClJoZGx4KzQyVTBJQmkzNDZlNU52WDEvbDJhbW1VckNMbzVjczVDQTM0YkNIUFR5bkYxclgvN0xBbjBueFlnL1kKVVpQUW56cFF3dWpkd3lDaXp5USsrM004REJXSU52eTJyc2N4T2JTSi9BZnBlQ0Jia3RwVkkxam9PNDlEVnhMaQpmWHo0S0lpSGNtQnM5a1RFejg5K293UGIzdW9xTmZnMVJwOG84dVU1S3ByYlkwRjF0dm5VYlZ5T0ttMVBzUFVUClRSZ25scm9tQ2Vva0IxelRoNklZcjRQOFltNjYyWTRwVmxGQ1hXYlhFR2NhditNUGltcWJQb3FKblVSVFRVbUwKL25mNjROa0NnWUVBNzIwNVZCWGQ5Y29MUEZYUkpUY0h0YU5zMURxejNGOTRKRGpTaWZjak1uc1YxVFEyK2FNUApsTzVvZHExVVZ3OVBWSUFOMS8wNkVIOGRuL1hQdkNRcG1BeXpzQlZ5OVN3THpMbDkzVUdDZEpqMVQvZ3ZZZFo0CmNxbHl6TVNYK2R4T25kYXFKeDd5QTZGbS9CSWlFcWdUZHNyNDJDUUxqYjZvNDQvODVyRWtFdnNDZ1lFQTRsb2sKRXdjOUJDV0pHRlhtU3d0anJxNXFqckVCVWVHT2hBTWZxcW54NTlPbVRRUjJNVGRobThSamJlT2xSS0tUU05IQwp1Z1Y2d3RjTDlLcjNFYisyNkdGN0hrVVYrZWp1cHh3VVhURGQ0L1d1Sm00UmExa1hOb0xQWEJVb2pWN1p5bjhKCkxGTGZDMlB6bFBSMGE1dGxxSy9FMHFSZGVPbkVKME9ad2hVTHRQVUNnWUJpQ2tPelh0RG8yTGNKR2NydWhqNHQKN3FHZHRmdjRmVTlnNWJPd3N2WkNzWXdiSmFwdFJvd1czQmtDbjY4dGh5Tmc0cDdJbHZTejFKbDQ2dHNKbTNVOAp3ZGJDZjhYM0J2WTkrcWJEZHhQSVV1b0F1UXdOOEJpYU96QzdFTFY2cHUrNlNqQ2FuRjFWaHozNGNpUnBwMUZ4CkQyUWVmWVFOb3NqZGhoUjFFb3hIQ1FLQmdIK09WSzMwY2tvWDdQNHR5aTJZS1lDVEFiR1B4aktpYlhHdllQVUgKK0M2d2N4TUw1Sjh2bW0zeGFpYlBGcDlyRHAwR3VEbWtSTjN2MmVqelAzQmRIWEl2SFBhZDhCaDVUNlFVaXRWSgphSUhDUFhXaXFXWlpPbCtacjhrd2t6MjNxZndYUXRBYmsxNFQ0WHlibGMvZUxwZTFGYkd1dG80aERrMGlKMC9jCkZGRFJBb0dBYmxhZ28vdUNIaHFkL0dKOFNSZWZOTWoxT1FWTmIyYXdUdTF5Yjk0WXJLQXBEWFFTeFVmdVMzb0oKaEJxOGhqa2E3TUxDc29acS8zSTVPSlQrdUZiYisyYmdmSWx3Qzd1alRlclRHUS8xOEJMR245d0dIWHJIMDBqUQpXYXU4YytBMVk3TEZ0bDhVbFVkbyt2aXZQdW82eHFuZnI1UW9oRTVrOXkrWUEyRitPbkE9Ci0tLS0tRU5EIFJTQSBQUklWQVRFIEtFWS0tLS0tCg==",
                "cluster_ca_certificate": "LS0tLS1CRUdJTiBDRVJUSUZJQ0FURS0tLS0tCk1JSURLekNDQWhPZ0F3SUJBZ0lSQU9CMGMrSk9WVlp4RCs4TUM1YlRkVHd3RFFZSktvWklodmNOQVFFTEJRQXcKTHpFdE1Dc0dBMVVFQXhNa1ltSXpPVEppWlRNdE1ERXpNaTAwTXpOakxXSXpaVEF0TkRrM1kyRTNOR1JoWkdKbQpNQjRYRFRJd01URXlOekExTURnMU1Wb1hEVEkxTVRFeU5qQTJNRGcxTVZvd0x6RXRNQ3NHQTFVRUF4TWtZbUl6Ck9USmlaVE10TURFek1pMDBNek5qTFdJelpUQXRORGszWTJFM05HUmhaR0ptTUlJQklqQU5CZ2txaGtpRzl3MEIKQVFFRkFBT0NBUThBTUlJQkNnS0NBUUVBcU55cHA1MWNNbkh6Uk1xUGpmK05MOWx3Y1JXWFg3SW1QaUxhdmc0RApTR2xaazJpeGpoVzMxZ3Q2ZU4wZjBIMEFaRkZXNUNhc3gzK1Y0UjdVTndZQzhtZVRPNm0vV2VDcjY2b05OOUpNClFCTVUrUEV4Skc4NmM5dXg0emhFamV0UVdiRVQrUGNEYXdWS281a1lkR21MZnN3bzBydG13ZXBQSm9ldFNod3QKeWpGaGFoZWRwQjNrcUVoOXJvdVkrb1AzUHdCaEw5dlUrTEtrNHNHVCtueVpQaE9LYjY0TFJlNDUySDVWa0g5VApBbVhXc2lINE5xQlFSY1JEanpvUlplM241T0JqRUFjU3V6ek43Y1E2b3VmdFo5bjltLzVUYWIwNXRZQlMyMFBtClhqNldsanVMU2FxUTJvRVNIdzNtc0xzSzJaYXdvbGRvOXdhUEJYQi9GbFBnRndJREFRQUJvMEl3UURBT0JnTlYKSFE4QkFmOEVCQU1DQWdRd0R3WURWUjBUQVFIL0JBVXdBd0VCL3pBZEJnTlZIUTRFRmdRVVUvWit3QnJ6N3IyTgpGdTM4Yk5DU3RBYUhGYjB3RFFZSktvWklodmNOQVFFTEJRQURnZ0VCQUg2TmJmNkR4WHRWdkI3VDZlV3RCUTVRCjVLTnMxQTRVZ0lwRWhTcVhEdURITndsNEhzcXVoV3Q3Qjc0eWRhZ05xVXFIT2VWNVlxSnA2YU91eTZnNXFWbmcKVjdEdjYwNXUyK0EwTm5VQzFRVWxUaFNCcENTNllodzdHcjJhSk9LUDJzcWV1N29oMTZGbU5zdk12ODNFaGk0QwpnQ3ViZjhPSEMvSi9zTmZiUXk1aHlvRmczWWJYOUZCaVUzWFNGOGozY2RiV25JTk0yNEw5M2IrZ1NXQUZlU3h6ClVyZE9uUEp0TTVKUWdwc3ZGUWh2eml1b3N3bnF5OUJ1N3NxRVpVWXQwc3pHQ0hBOWgzdEFqd0QyT2YvTnFPL20Kb0RQcUN0UFI4WjRERkhuSTMydXV4amtjZDRob2ZuNHJ3aVVaOWlBSXVKUXRVRktrMjdLRDg4aHpxcXRFY2ZFPQotLS0tLUVORCBDRVJUSUZJQ0FURS0tLS0tCg==",
                "password": "",
                "username": ""
              }
            ],
            "master_authorized_networks_config": [],
            "master_version": "1.16.15-gke.4901",
            "min_master_version": "1.16",
            "monitoring_service": "monitoring.googleapis.com/kubernetes",
            "name": "gitlab",
            "network": "projects/birdybrain/global/networks/gitlab",
            "network_policy": [
              {
                "enabled": true,
                "provider": "CALICO"
              }
            ],
            "node_config": [],
            "node_locations": [
              "us-central1-b",
              "us-central1-c",
              "us-central1-f"
            ],
            "node_pool": [],
            "node_version": "1.16.15-gke.4901",
            "operation": null,
            "pod_security_policy_config": [],
            "private_cluster_config": [],
            "project": "birdybrain",
            "release_channel": [
              {
                "channel": "UNSPECIFIED"
              }
            ],
            "remove_default_node_pool": true,
            "resource_labels": null,
            "resource_usage_export_config": [],
            "self_link": "https://container.googleapis.com/v1beta1/projects/birdybrain/locations/us-central1/clusters/gitlab",
            "services_ipv4_cidr": "10.2.0.0/16",
            "subnetwork": "projects/birdybrain/regions/us-central1/subnetworks/gitlab",
            "timeouts": {
              "create": "45m",
              "delete": "45m",
              "read": null,
              "update": "45m"
            },
            "vertical_pod_autoscaling": [],
            "workload_identity_config": [
              {
                "identity_namespace": "birdybrain.svc.id.goog"
              }
            ]
          },
          "private": "eyJlMmJmYjczMC1lY2FhLTExZTYtOGY4OC0zNDM2M2JjN2M0YzAiOnsiY3JlYXRlIjoyNzAwMDAwMDAwMDAwLCJkZWxldGUiOjI3MDAwMDAwMDAwMDAsInJlYWQiOjI0MDAwMDAwMDAwMDAsInVwZGF0ZSI6MjcwMDAwMDAwMDAwMH0sInNjaGVtYV92ZXJzaW9uIjoiMSJ9",
          "dependencies": [
            "google_compute_network.gitlab",
            "google_compute_subnetwork.subnetwork",
            "module.gke.google_service_account.cluster_service_account",
            "module.gke.random_shuffle.available_zones",
            "module.gke.random_string.cluster_service_account_suffix",
            "module.project_services.google_project_service.project_services"
          ]
        }
      ]
    },
    {
      "module": "module.gke",
      "mode": "managed",
      "type": "google_container_node_pool",
      "name": "pools",
      "each": "map",
      "provider": "provider.google",
      "instances": [
        {
          "index_key": "gitlab",
          "schema_version": 1,
          "attributes": {
            "autoscaling": [],
            "cluster": "gitlab",
            "id": "projects/birdybrain/locations/us-central1/clusters/gitlab/nodePools/gitlab",
            "initial_node_count": 1,
            "instance_group_urls": [
              "https://www.googleapis.com/compute/v1/projects/birdybrain/zones/us-central1-b/instanceGroupManagers/gke-gitlab-gitlab-e9406f05-grp",
              "https://www.googleapis.com/compute/v1/projects/birdybrain/zones/us-central1-c/instanceGroupManagers/gke-gitlab-gitlab-85c64edb-grp",
              "https://www.googleapis.com/compute/v1/projects/birdybrain/zones/us-central1-f/instanceGroupManagers/gke-gitlab-gitlab-7743d680-grp"
            ],
            "location": "us-central1",
            "management": [
              {
                "auto_repair": true,
                "auto_upgrade": true
              }
            ],
            "max_pods_per_node": 110,
            "name": "gitlab",
            "name_prefix": "",
            "node_config": [
              {
                "disk_size_gb": 100,
                "disk_type": "pd-standard",
                "guest_accelerator": [],
                "image_type": "COS",
                "labels": {
                  "cluster_name": "gitlab",
                  "node_pool": "gitlab"
                },
                "local_ssd_count": 0,
                "machine_type": "n1-standard-4",
                "metadata": {
                  "cluster_name": "gitlab",
                  "disable-legacy-endpoints": "true",
                  "node_pool": "gitlab"
                },
                "min_cpu_platform": "",
                "oauth_scopes": [
                  "https://www.googleapis.com/auth/cloud-platform"
                ],
                "preemptible": false,
                "service_account": "tf-gke-gitlab-3w8j@birdybrain.iam.gserviceaccount.com",
                "shielded_instance_config": [
                  {
                    "enable_integrity_monitoring": true,
                    "enable_secure_boot": false
                  }
                ],
                "tags": [
                  "gke-gitlab",
                  "gke-gitlab-gitlab"
                ],
                "taint": [],
                "workload_metadata_config": [
                  {
                    "node_metadata": "GKE_METADATA_SERVER"
                  }
                ]
              }
            ],
            "node_count": 1,
            "node_locations": [
              "us-central1-b",
              "us-central1-c",
              "us-central1-f"
            ],
            "project": "birdybrain",
            "timeouts": {
              "create": "45m",
              "delete": "45m",
              "update": "45m"
            },
            "upgrade_settings": [
              {
                "max_surge": 1,
                "max_unavailable": 0
              }
            ],
            "version": "1.16.15-gke.4901"
          },
          "private": "eyJlMmJmYjczMC1lY2FhLTExZTYtOGY4OC0zNDM2M2JjN2M0YzAiOnsiY3JlYXRlIjoyNzAwMDAwMDAwMDAwLCJkZWxldGUiOjI3MDAwMDAwMDAwMDAsInVwZGF0ZSI6MjcwMDAwMDAwMDAwMH0sInNjaGVtYV92ZXJzaW9uIjoiMSJ9",
          "dependencies": [
            "google_compute_network.gitlab",
            "google_compute_subnetwork.subnetwork",
            "module.gke.google_container_cluster.primary",
            "module.gke.google_service_account.cluster_service_account",
            "module.gke.random_shuffle.available_zones",
            "module.gke.random_string.cluster_service_account_suffix",
            "module.project_services.google_project_service.project_services"
          ]
        }
      ]
    },
    {
      "module": "module.gke",
      "mode": "managed",
      "type": "google_project_iam_member",
      "name": "cluster_service_account-gcr",
      "each": "list",
      "provider": "provider.google",
      "instances": []
    },
    {
      "module": "module.gke",
      "mode": "managed",
      "type": "google_project_iam_member",
      "name": "cluster_service_account-log_writer",
      "each": "list",
      "provider": "provider.google",
      "instances": [
        {
          "index_key": 0,
          "schema_version": 0,
          "attributes": {
            "condition": [],
            "etag": "BwW1EHwbqkk=",
            "id": "birdybrain/roles/logging.logWriter/serviceaccount:tf-gke-gitlab-3w8j@birdybrain.iam.gserviceaccount.com",
            "member": "serviceAccount:tf-gke-gitlab-3w8j@birdybrain.iam.gserviceaccount.com",
            "project": "birdybrain",
            "role": "roles/logging.logWriter"
          },
          "private": "bnVsbA==",
          "dependencies": [
            "module.gke.google_service_account.cluster_service_account",
            "module.gke.random_string.cluster_service_account_suffix",
            "module.project_services.google_project_service.project_services"
          ]
        }
      ]
    },
    {
      "module": "module.gke",
      "mode": "managed",
      "type": "google_project_iam_member",
      "name": "cluster_service_account-metric_writer",
      "each": "list",
      "provider": "provider.google",
      "instances": [
        {
          "index_key": 0,
          "schema_version": 0,
          "attributes": {
            "condition": [],
            "etag": "BwW1EHyMrxs=",
            "id": "birdybrain/roles/monitoring.metricWriter/serviceaccount:tf-gke-gitlab-3w8j@birdybrain.iam.gserviceaccount.com",
            "member": "serviceAccount:tf-gke-gitlab-3w8j@birdybrain.iam.gserviceaccount.com",
            "project": "birdybrain",
            "role": "roles/monitoring.metricWriter"
          },
          "private": "bnVsbA==",
          "dependencies": [
            "module.gke.google_project_iam_member.cluster_service_account-log_writer",
            "module.gke.google_service_account.cluster_service_account",
            "module.gke.random_string.cluster_service_account_suffix",
            "module.project_services.google_project_service.project_services"
          ]
        }
      ]
    },
    {
      "module": "module.gke",
      "mode": "managed",
      "type": "google_project_iam_member",
      "name": "cluster_service_account-monitoring_viewer",
      "each": "list",
      "provider": "provider.google",
      "instances": [
        {
          "index_key": 0,
          "schema_version": 0,
          "attributes": {
            "condition": [],
            "etag": "BwW1EHz+25A=",
            "id": "birdybrain/roles/monitoring.viewer/serviceaccount:tf-gke-gitlab-3w8j@birdybrain.iam.gserviceaccount.com",
            "member": "serviceAccount:tf-gke-gitlab-3w8j@birdybrain.iam.gserviceaccount.com",
            "project": "birdybrain",
            "role": "roles/monitoring.viewer"
          },
          "private": "bnVsbA==",
          "dependencies": [
            "module.gke.google_project_iam_member.cluster_service_account-log_writer",
            "module.gke.google_project_iam_member.cluster_service_account-metric_writer",
            "module.gke.google_service_account.cluster_service_account",
            "module.gke.random_string.cluster_service_account_suffix",
            "module.project_services.google_project_service.project_services"
          ]
        }
      ]
    },
    {
      "module": "module.gke",
      "mode": "managed",
      "type": "google_project_iam_member",
      "name": "cluster_service_account-resourceMetadata-writer",
      "each": "list",
      "provider": "provider.google",
      "instances": [
        {
          "index_key": 0,
          "schema_version": 0,
          "attributes": {
            "condition": [],
            "etag": "BwW1EH1tjNU=",
            "id": "birdybrain/roles/stackdriver.resourceMetadata.writer/serviceaccount:tf-gke-gitlab-3w8j@birdybrain.iam.gserviceaccount.com",
            "member": "serviceAccount:tf-gke-gitlab-3w8j@birdybrain.iam.gserviceaccount.com",
            "project": "birdybrain",
            "role": "roles/stackdriver.resourceMetadata.writer"
          },
          "private": "bnVsbA==",
          "dependencies": [
            "module.gke.google_project_iam_member.cluster_service_account-log_writer",
            "module.gke.google_project_iam_member.cluster_service_account-metric_writer",
            "module.gke.google_project_iam_member.cluster_service_account-monitoring_viewer",
            "module.gke.google_service_account.cluster_service_account",
            "module.gke.random_string.cluster_service_account_suffix",
            "module.project_services.google_project_service.project_services"
          ]
        }
      ]
    },
    {
      "mode": "managed",
      "type": "google_project_iam_member",
      "name": "project",
      "provider": "provider.google",
      "instances": [
        {
          "schema_version": 0,
          "attributes": {
            "condition": [],
            "etag": "BwW1EHsVuDo=",
            "id": "birdybrain/roles/storage.admin/serviceaccount:gitlab-gcs@birdybrain.iam.gserviceaccount.com",
            "member": "serviceAccount:gitlab-gcs@birdybrain.iam.gserviceaccount.com",
            "project": "birdybrain",
            "role": "roles/storage.admin"
          },
          "private": "bnVsbA==",
          "dependencies": [
            "google_service_account.gitlab_gcs"
          ]
        }
      ]
    },
    {
      "module": "module.project_services",
      "mode": "managed",
      "type": "google_project_iam_member",
      "name": "project_service_identity_roles",
      "each": "map",
      "provider": "provider.google",
      "instances": []
    },
    {
      "module": "module.project_services",
      "mode": "managed",
      "type": "google_project_service",
      "name": "project_services",
      "each": "map",
      "provider": "provider.google",
      "instances": [
        {
          "index_key": "cloudresourcemanager.googleapis.com",
          "schema_version": 0,
          "attributes": {
            "disable_dependent_services": true,
            "disable_on_destroy": false,
            "id": "birdybrain/cloudresourcemanager.googleapis.com",
            "project": "birdybrain",
            "service": "cloudresourcemanager.googleapis.com",
            "timeouts": null
          },
          "private": "eyJlMmJmYjczMC1lY2FhLTExZTYtOGY4OC0zNDM2M2JjN2M0YzAiOnsiY3JlYXRlIjoxMjAwMDAwMDAwMDAwLCJkZWxldGUiOjEyMDAwMDAwMDAwMDAsInJlYWQiOjYwMDAwMDAwMDAwMCwidXBkYXRlIjoxMjAwMDAwMDAwMDAwfX0="
        },
        {
          "index_key": "compute.googleapis.com",
          "schema_version": 0,
          "attributes": {
            "disable_dependent_services": true,
            "disable_on_destroy": false,
            "id": "birdybrain/compute.googleapis.com",
            "project": "birdybrain",
            "service": "compute.googleapis.com",
            "timeouts": null
          },
          "private": "eyJlMmJmYjczMC1lY2FhLTExZTYtOGY4OC0zNDM2M2JjN2M0YzAiOnsiY3JlYXRlIjoxMjAwMDAwMDAwMDAwLCJkZWxldGUiOjEyMDAwMDAwMDAwMDAsInJlYWQiOjYwMDAwMDAwMDAwMCwidXBkYXRlIjoxMjAwMDAwMDAwMDAwfX0="
        },
        {
          "index_key": "container.googleapis.com",
          "schema_version": 0,
          "attributes": {
            "disable_dependent_services": true,
            "disable_on_destroy": false,
            "id": "birdybrain/container.googleapis.com",
            "project": "birdybrain",
            "service": "container.googleapis.com",
            "timeouts": null
          },
          "private": "eyJlMmJmYjczMC1lY2FhLTExZTYtOGY4OC0zNDM2M2JjN2M0YzAiOnsiY3JlYXRlIjoxMjAwMDAwMDAwMDAwLCJkZWxldGUiOjEyMDAwMDAwMDAwMDAsInJlYWQiOjYwMDAwMDAwMDAwMCwidXBkYXRlIjoxMjAwMDAwMDAwMDAwfX0="
        },
        {
          "index_key": "redis.googleapis.com",
          "schema_version": 0,
          "attributes": {
            "disable_dependent_services": true,
            "disable_on_destroy": false,
            "id": "birdybrain/redis.googleapis.com",
            "project": "birdybrain",
            "service": "redis.googleapis.com",
            "timeouts": null
          },
          "private": "eyJlMmJmYjczMC1lY2FhLTExZTYtOGY4OC0zNDM2M2JjN2M0YzAiOnsiY3JlYXRlIjoxMjAwMDAwMDAwMDAwLCJkZWxldGUiOjEyMDAwMDAwMDAwMDAsInJlYWQiOjYwMDAwMDAwMDAwMCwidXBkYXRlIjoxMjAwMDAwMDAwMDAwfX0="
        },
        {
          "index_key": "servicenetworking.googleapis.com",
          "schema_version": 0,
          "attributes": {
            "disable_dependent_services": true,
            "disable_on_destroy": false,
            "id": "birdybrain/servicenetworking.googleapis.com",
            "project": "birdybrain",
            "service": "servicenetworking.googleapis.com",
            "timeouts": null
          },
          "private": "eyJlMmJmYjczMC1lY2FhLTExZTYtOGY4OC0zNDM2M2JjN2M0YzAiOnsiY3JlYXRlIjoxMjAwMDAwMDAwMDAwLCJkZWxldGUiOjEyMDAwMDAwMDAwMDAsInJlYWQiOjYwMDAwMDAwMDAwMCwidXBkYXRlIjoxMjAwMDAwMDAwMDAwfX0="
        }
      ]
    },
    {
      "module": "module.project_services",
      "mode": "managed",
      "type": "google_project_service_identity",
      "name": "project_service_identities",
      "each": "map",
      "provider": "provider.google-beta",
      "instances": []
    },
    {
      "mode": "managed",
      "type": "google_redis_instance",
      "name": "gitlab",
      "provider": "provider.google",
      "instances": [
        {
          "schema_version": 0,
          "attributes": {
            "alternative_location_id": "us-central1-f",
            "authorized_network": "projects/birdybrain/global/networks/gitlab",
            "connect_mode": "DIRECT_PEERING",
            "create_time": "2020-11-27T06:08:28.312677146Z",
            "current_location_id": "us-central1-c",
            "display_name": "GitLab Redis",
            "host": "10.229.158.180",
            "id": "projects/birdybrain/locations/us-central1/instances/gitlab",
            "labels": null,
            "location_id": "us-central1-c",
            "memory_size_gb": 5,
            "name": "gitlab",
            "persistence_iam_identity": "serviceAccount:681891859714-compute@developer.gserviceaccount.com",
            "port": 6379,
            "project": "birdybrain",
            "redis_configs": null,
            "redis_version": "REDIS_4_0",
            "region": "us-central1",
            "reserved_ip_range": "10.229.158.176/29",
            "tier": "STANDARD_HA",
            "timeouts": null
          },
          "private": "eyJlMmJmYjczMC1lY2FhLTExZTYtOGY4OC0zNDM2M2JjN2M0YzAiOnsiY3JlYXRlIjo2MDAwMDAwMDAwMDAsImRlbGV0ZSI6NjAwMDAwMDAwMDAwLCJ1cGRhdGUiOjYwMDAwMDAwMDAwMH19",
          "dependencies": [
            "google_compute_network.gitlab",
            "module.project_services.google_project_service.project_services"
          ]
        }
      ]
    },
    {
      "module": "module.gke",
      "mode": "managed",
      "type": "google_service_account",
      "name": "cluster_service_account",
      "each": "list",
      "provider": "provider.google",
      "instances": [
        {
          "index_key": 0,
          "schema_version": 0,
          "attributes": {
            "account_id": "tf-gke-gitlab-3w8j",
            "description": "",
            "display_name": "Terraform-managed service account for cluster gitlab",
            "email": "tf-gke-gitlab-3w8j@birdybrain.iam.gserviceaccount.com",
            "id": "projects/birdybrain/serviceAccounts/tf-gke-gitlab-3w8j@birdybrain.iam.gserviceaccount.com",
            "name": "projects/birdybrain/serviceAccounts/tf-gke-gitlab-3w8j@birdybrain.iam.gserviceaccount.com",
            "project": "birdybrain",
            "timeouts": null,
            "unique_id": "100859684706905005367"
          },
          "private": "eyJlMmJmYjczMC1lY2FhLTExZTYtOGY4OC0zNDM2M2JjN2M0YzAiOnsiY3JlYXRlIjozMDAwMDAwMDAwMDB9fQ==",
          "dependencies": [
            "module.gke.random_string.cluster_service_account_suffix",
            "module.project_services.google_project_service.project_services"
          ]
        }
      ]
    },
    {
      "mode": "managed",
      "type": "google_service_account",
      "name": "gitlab_gcs",
      "provider": "provider.google",
      "instances": [
        {
          "schema_version": 0,
          "attributes": {
            "account_id": "gitlab-gcs",
            "description": "",
            "display_name": "GitLab Cloud Storage",
            "email": "gitlab-gcs@birdybrain.iam.gserviceaccount.com",
            "id": "projects/birdybrain/serviceAccounts/gitlab-gcs@birdybrain.iam.gserviceaccount.com",
            "name": "projects/birdybrain/serviceAccounts/gitlab-gcs@birdybrain.iam.gserviceaccount.com",
            "project": "birdybrain",
            "timeouts": null,
            "unique_id": "118269353759660845018"
          },
          "private": "eyJlMmJmYjczMC1lY2FhLTExZTYtOGY4OC0zNDM2M2JjN2M0YzAiOnsiY3JlYXRlIjozMDAwMDAwMDAwMDB9fQ=="
        }
      ]
    },
    {
      "mode": "managed",
      "type": "google_service_account_key",
      "name": "gitlab_gcs",
      "provider": "provider.google",
      "instances": [
        {
          "schema_version": 0,
          "attributes": {
            "id": "projects/birdybrain/serviceAccounts/gitlab-gcs@birdybrain.iam.gserviceaccount.com/keys/2f3e0ce03b82acb64ef3f0cca7d7a0ab88a8b728",
            "key_algorithm": "KEY_ALG_RSA_2048",
            "name": "projects/birdybrain/serviceAccounts/gitlab-gcs@birdybrain.iam.gserviceaccount.com/keys/2f3e0ce03b82acb64ef3f0cca7d7a0ab88a8b728",
            "private_key": "ewogICJ0eXBlIjogInNlcnZpY2VfYWNjb3VudCIsCiAgInByb2plY3RfaWQiOiAiYmlyZHlicmFpbiIsCiAgInByaXZhdGVfa2V5X2lkIjogIjJmM2UwY2UwM2I4MmFjYjY0ZWYzZjBjY2E3ZDdhMGFiODhhOGI3MjgiLAogICJwcml2YXRlX2tleSI6ICItLS0tLUJFR0lOIFBSSVZBVEUgS0VZLS0tLS1cbk1JSUV2UUlCQURBTkJna3Foa2lHOXcwQkFRRUZBQVNDQktjd2dnU2pBZ0VBQW9JQkFRQ0I5Q3ZTZ2oxS0FxcEtcbkNaUlFEQ2FqaVNYakxEZkhZUC9SU3haL2FOOEU1ZUZjdXFuNEpEaXFjZWwvejE2d0graTdxZitZWU00Vzc2Nzdcbk1aaXpHVFJ4aVN5V3BPSzRxWW02UE5ocmJZSi9rWnAwZ3NUaUhqbjdONHZMZmNwb2JINndaUTlFUkc0S3BSa1dcbjMrRnpnWFZTeUk5K0lLQitodDNOYzY4NjRhWlZ2OTY3S0JZaVlEM2hHdEFvVnpwV1RKVnpUeHA2YlloUHZ5SjBcbkVCVkphTUQzeEYzdkxzbWJkcE9MSldVQWZYd3Nja1NUN2NrVktJSXEvckorS0MrU1M1ckRoU2xwb3Z1TkZ5Y0JcbjNXd2dKSDFVdVNpRzcvTFBscmhSWGlyQnpUOE1rbitpOStYZStQMHNwL3ZpT1B3aUM1T0Y0UXdKcUhmVzA0QVRcbnp1aWtJWGJWQWdNQkFBRUNnZ0VBRVBFNTdnbkZIc3N4S0tlT0QvbzlrVnJnakhqOUtWVVNsUUUzNzMxeDBmYlJcbnhrcWZFb3hQc2tldW5GZE1tTTZ0ZzNDUU01Z0VxN0NDUE1VdkMyNTdvVnBlYktJV011S3c0NDIvaUx0RlpRZExcbnZwUGhRam8rNzBCdHpTWmJCMDZFY25xQ2M5dllzdHpxWS9VNmlkb0tFZDhNVE1mSktpWEFHMk1tZmNQaHhuejdcbjUvTkFKdnZQam1sU282NTNXTzBQdzVJb3o0RVdPS0VOMHF4ZmN4RVdCK1poMWVmS2x3MGNpQlVScjVULzRJbXJcblBTdkcwWVYwb2xhb2ErSTB0ZHpYMnZEcS9hc09mMlVHMDQ4anAxQll4Nm5QUTcxNU1ZaFJJV1YrWXhHTVJDaFRcbjJIYXhkTlVCOExEZm9ROXc2WDdBaGFCOGZ6N0dvOXRXbFBMTWorT3pRd0tCZ1FDM2V0ajNkSWFXTzVqaWQyMlNcbitYMndqck9zQmpaWlF3YittZEs5UUpRS0RpWEVNSU5ReVdmNks0M3AzRUNab0laeEhBdEdjU2Q2R1VCZ09FaTZcbjhmYUZXeis3YWQ5cUhhcDdVU1l0enRMejNCRkVCai9DNkhyODVZSHc1aEc3TFROeW5Qby9nc2I4TW5LRm96SUhcbnRFQjd0N2JNUlpJalZJdjBwSmMzdnhsTlJ3S0JnUUMxVVZ6YXRWZUEvN2k4eEo2WklrS2ZHa1YxaTRpMnFUb3pcbmpQM24zbU9ENmFsK29yWWt2enJadDBXN1ZKMm9oM05UWXIyK0NBT0xMZFdDVnpaSVUxTFI2Tk1tM0o5RG8vWktcbkVSQ0RndDdlcUdtYWxIMnU2QWJmcXoyMnQ4dUk1UjhGcGlhOWRjWWdxb3Vwc1YvNC9YRG9MellxVFNBRUtYUHdcbnJXUm1IN2w1QXdLQmdRQ0JBZCtNSG1LRFAyUS8xN2t6bmpqQjY1UnBYL1RXemtvY3VndHpCZlVSSE9GeEVLdEVcbklsajVqYVk2eUtLallqc2xUSktnOU83TTZ2UllzenB3TjdFZUV3cTh1N1JhNklEMk5CaWtITWcycm9WMVR1K0dcbkcvQmQ0UUY4WUVnWFU3RFk1WWNQSU9USWJyQVhScWZtd3RhVUpwaGhDSW00VGJvYVNhQUprbFE0QVFLQmdDaFZcbndEVTdFQXMzVis1T1F3WEgxRkEyZE9zd0xpcU1QTkZJOVJiR3B4YXFQVFZabHZGWHhReTNzNEIzMDFheFF4dHlcbnBNa0lXVmwxeWNCa0RFUk1uT2pyUlVXbzRKa1llV3FDbjB6U0tTZ1pDTjBGV1d3Mlc0a1lPL05Rc2F0elpOSkpcbjR1WlVzODJDZ3UwdDh5NmRtcWRjRVUyWnVKeVVhQ0ZMUVVGaW4wem5Bb0dBS0JFaFp6RUVIMVIxcVJ5UklZeGxcbkszcTR6Mi9jZy9QT01JVmMrUndqQ1Rab3kvRnh3di9JWUJnRVdMMjZLOFltb0kvQzdOUyt5Y0FXeUZYbjk0cUVcbnJTZzg1MUdZaDlQUWFqcldLNGV5Wm4yd2g0ZzJBdENoOG9LcWY2QThMOTVwTUhlTWFTODNQZUd5Z0VSUFRueTBcbjNiQXJsNGMrOWQxYnFEV3NYUHUwZW9nPVxuLS0tLS1FTkQgUFJJVkFURSBLRVktLS0tLVxuIiwKICAiY2xpZW50X2VtYWlsIjogImdpdGxhYi1nY3NAYmlyZHlicmFpbi5pYW0uZ3NlcnZpY2VhY2NvdW50LmNvbSIsCiAgImNsaWVudF9pZCI6ICIxMTgyNjkzNTM3NTk2NjA4NDUwMTgiLAogICJhdXRoX3VyaSI6ICJodHRwczovL2FjY291bnRzLmdvb2dsZS5jb20vby9vYXV0aDIvYXV0aCIsCiAgInRva2VuX3VyaSI6ICJodHRwczovL29hdXRoMi5nb29nbGVhcGlzLmNvbS90b2tlbiIsCiAgImF1dGhfcHJvdmlkZXJfeDUwOV9jZXJ0X3VybCI6ICJodHRwczovL3d3dy5nb29nbGVhcGlzLmNvbS9vYXV0aDIvdjEvY2VydHMiLAogICJjbGllbnRfeDUwOV9jZXJ0X3VybCI6ICJodHRwczovL3d3dy5nb29nbGVhcGlzLmNvbS9yb2JvdC92MS9tZXRhZGF0YS94NTA5L2dpdGxhYi1nY3MlNDBiaXJkeWJyYWluLmlhbS5nc2VydmljZWFjY291bnQuY29tIgp9Cg==",
            "private_key_type": "TYPE_GOOGLE_CREDENTIALS_FILE",
            "public_key": "LS0tLS1CRUdJTiBDRVJUSUZJQ0FURS0tLS0tCk1JSUMvRENDQWVTZ0F3SUJBZ0lJZUk1VDkzQU80cVl3RFFZSktvWklodmNOQVFFRkJRQXdJREVlTUJ3R0ExVUUKQXhNVk1URTRNalk1TXpVek56VTVOall3T0RRMU1ERTRNQ0FYRFRJd01URXlOekEyTURjME4xb1lEems1T1RreApNak14TWpNMU9UVTVXakFnTVI0d0hBWURWUVFERXhVeE1UZ3lOamt6TlRNM05UazJOakE0TkRVd01UZ3dnZ0VpCk1BMEdDU3FHU0liM0RRRUJBUVVBQTRJQkR3QXdnZ0VLQW9JQkFRQ0I5Q3ZTZ2oxS0FxcEtDWlJRRENhamlTWGoKTERmSFlQL1JTeFovYU44RTVlRmN1cW40SkRpcWNlbC96MTZ3SCtpN3FmK1lZTTRXNzY3N01aaXpHVFJ4aVN5VwpwT0s0cVltNlBOaHJiWUova1pwMGdzVGlIam43TjR2TGZjcG9iSDZ3WlE5RVJHNEtwUmtXMytGemdYVlN5STkrCklLQitodDNOYzY4NjRhWlZ2OTY3S0JZaVlEM2hHdEFvVnpwV1RKVnpUeHA2YlloUHZ5SjBFQlZKYU1EM3hGM3YKTHNtYmRwT0xKV1VBZlh3c2NrU1Q3Y2tWS0lJcS9ySitLQytTUzVyRGhTbHBvdnVORnljQjNXd2dKSDFVdVNpRwo3L0xQbHJoUlhpckJ6VDhNa24raTkrWGUrUDBzcC92aU9Qd2lDNU9GNFF3SnFIZlcwNEFUenVpa0lYYlZBZ01CCkFBR2pPREEyTUF3R0ExVWRFd0VCL3dRQ01BQXdEZ1lEVlIwUEFRSC9CQVFEQWdlQU1CWUdBMVVkSlFFQi93UU0KTUFvR0NDc0dBUVVGQndNQ01BMEdDU3FHU0liM0RRRUJCUVVBQTRJQkFRQTJxRE9VeStyYXlTL01QSUQyVzJDTgpLbzdBVWpLUWRpbHAxQkRRL2UzdXdvZlByZ0ZOWE9lcXhEVDN6ZjJrUEdDeDYzbXdIT3N5VG84bzZHcndPeDA4CmhjNU9VU3V1T1hjVUpMZUVZdndIUnpJNEswVnBpb0oyMDFyYml6emNpLzhSa3FEZTVKcGhIeFhxWFc5MmMvSloKcmhkWmNSdTgrdWhJTGtaNmg3cVFWWVZGOVZCWloray9EcGQ0M1g1T0xmOTFSUDdNMlEyWXY0a0dJQW9UdEU2OAp6MWJheXBpSXRMZHg5WlpMZHhXNk1ZS3FlR1ZNaHBRRFhJNkJuMVRqTlY3VnNrY3gvYTBnUFNyaUxQTHdIZG05CkE3azN4TFdLTEl4SzdLR2dTU3RYS3lBZEtVWXJ5NnJTTUUxc3VVTHBpQ0hHeVo2YUR6ZlRXWWJ5NE9LQnRmWG0KLS0tLS1FTkQgQ0VSVElGSUNBVEUtLS0tLQo=",
            "public_key_data": null,
            "public_key_type": "TYPE_X509_PEM_FILE",
            "service_account_id": "projects/birdybrain/serviceAccounts/gitlab-gcs@birdybrain.iam.gserviceaccount.com",
            "valid_after": "2020-11-27T06:07:47Z",
            "valid_before": "9999-12-31T23:59:59Z"
          },
          "private": "bnVsbA==",
          "dependencies": [
            "google_service_account.gitlab_gcs"
          ]
        }
      ]
    },
    {
      "mode": "managed",
      "type": "google_service_networking_connection",
      "name": "private_vpc_connection",
      "provider": "provider.google-beta",
      "instances": [
        {
          "schema_version": 0,
          "attributes": {
            "id": "https%3A%2F%2Fwww.googleapis.com%2Fcompute%2Fv1%2Fprojects%2Fbirdybrain%2Fglobal%2Fnetworks%2Fgitlab:servicenetworking.googleapis.com",
            "network": "https://www.googleapis.com/compute/v1/projects/birdybrain/global/networks/gitlab",
            "peering": "servicenetworking-googleapis-com",
            "reserved_peering_ranges": [
              "gitlab-sql"
            ],
            "service": "servicenetworking.googleapis.com",
            "timeouts": null
          },
          "private": "eyJlMmJmYjczMC1lY2FhLTExZTYtOGY4OC0zNDM2M2JjN2M0YzAiOnsiY3JlYXRlIjo2MDAwMDAwMDAwMDAsImRlbGV0ZSI6NjAwMDAwMDAwMDAwLCJ1cGRhdGUiOjYwMDAwMDAwMDAwMH19",
          "dependencies": [
            "google_compute_global_address.gitlab_sql",
            "google_compute_network.gitlab",
            "module.project_services.google_project_service.project_services"
          ]
        }
      ]
    },
    {
      "mode": "managed",
      "type": "google_sql_database",
      "name": "gitlabhq_production",
      "provider": "provider.google",
      "instances": [
        {
          "schema_version": 0,
          "attributes": {
            "charset": "UTF8",
            "collation": "en_US.UTF8",
            "id": "projects/birdybrain/instances/gitlab-db/databases/gitlabhq_production",
            "instance": "gitlab-db",
            "name": "gitlabhq_production",
            "project": "birdybrain",
            "self_link": "https://sqladmin.googleapis.com/sql/v1beta4/projects/birdybrain/instances/gitlab-db/databases/gitlabhq_production",
            "timeouts": null
          },
          "private": "eyJlMmJmYjczMC1lY2FhLTExZTYtOGY4OC0zNDM2M2JjN2M0YzAiOnsiY3JlYXRlIjo5MDAwMDAwMDAwMDAsImRlbGV0ZSI6NjAwMDAwMDAwMDAwLCJ1cGRhdGUiOjYwMDAwMDAwMDAwMH19",
          "dependencies": [
            "google_compute_global_address.gitlab_sql",
            "google_compute_network.gitlab",
            "google_service_networking_connection.private_vpc_connection",
            "google_sql_database_instance.gitlab_db",
            "google_sql_user.gitlab",
            "module.project_services.google_project_service.project_services",
            "random_id.suffix",
            "random_string.autogenerated_gitlab_db_password"
          ]
        }
      ]
    },
    {
      "mode": "managed",
      "type": "google_sql_database_instance",
      "name": "gitlab_db",
      "provider": "provider.google",
      "instances": [
        {
          "schema_version": 0,
          "attributes": {
            "connection_name": "birdybrain:us-central1:gitlab-db",
            "database_version": "POSTGRES_11",
            "deletion_protection": true,
            "first_ip_address": "10.1.0.3",
            "id": "gitlab-db",
            "ip_address": [
              {
                "ip_address": "10.1.0.3",
                "time_to_retire": "",
                "type": "PRIVATE"
              }
            ],
            "master_instance_name": "",
            "name": "gitlab-db",
            "private_ip_address": "10.1.0.3",
            "project": "birdybrain",
            "public_ip_address": "",
            "region": "us-central1",
            "replica_configuration": [],
            "root_password": null,
            "self_link": "https://sqladmin.googleapis.com/sql/v1beta4/projects/birdybrain/instances/gitlab-db",
            "server_ca_cert": [
              {
                "cert": "-----BEGIN CERTIFICATE-----\nMIIDfzCCAmegAwIBAgIBADANBgkqhkiG9w0BAQsFADB3MS0wKwYDVQQuEyQ2NTM3\nNzg0MS1hNDRkLTRhY2QtODRiYy0xMmM5MzIwZmQ1YjcxIzAhBgNVBAMTGkdvb2ds\nZSBDbG91ZCBTUUwgU2VydmVyIENBMRQwEgYDVQQKEwtHb29nbGUsIEluYzELMAkG\nA1UEBhMCVVMwHhcNMjAxMTI3MDYxMjEyWhcNMzAxMTI1MDYxMzEyWjB3MS0wKwYD\nVQQuEyQ2NTM3Nzg0MS1hNDRkLTRhY2QtODRiYy0xMmM5MzIwZmQ1YjcxIzAhBgNV\nBAMTGkdvb2dsZSBDbG91ZCBTUUwgU2VydmVyIENBMRQwEgYDVQQKEwtHb29nbGUs\nIEluYzELMAkGA1UEBhMCVVMwggEiMA0GCSqGSIb3DQEBAQUAA4IBDwAwggEKAoIB\nAQCXiv7zcQq+JPSlxAFH8PKu9Qq0NEl5Gn69EUB3uHi2ulcHIgzwv42PiWW7ed9W\nxEkG34dmV8vVkkM702/BAwTqzMujSdVDa5zHJ+68pSgQh/4SdJKO55QHRQfwclJD\n1b8hsJSS/QGGlM1ir+BZDhJ1iFBKaNSCe8fr4pQfWEsNG58EW/B7qcSwlkaZnvL8\nwXcfnWp7nYtEjJsJnx2vWuZ2obw7v2rnUFPD7PJwXPP8s9d3NRu1mxiSe1DkhbeG\nJ8f3JO4m1H1jc0KTa7sk2wF0mBA4D2bXayj5Agof2lhmKh161jfWYK53rC0bU43k\nzcyDbF4jK0OLQZzHvL2y4zftAgMBAAGjFjAUMBIGA1UdEwEB/wQIMAYBAf8CAQAw\nDQYJKoZIhvcNAQELBQADggEBAFGL4YFNcZ+iwW9DObDkUpUUqu8bhuoQCaDM8Ut5\nCpJVl3z3Knr/5zlMP2ibNkn1Cd+AXi6Dv0DvT8i27wMU247BwJeYg6Gl2rl5I9n7\n3rSgm+sW8BiHDxIS7E1MX1mRYf4LQMYk7wNmCUb8NlUB33eUOOKAthSuYwaeBAEU\n4L4FyYNyiKYGZyyzTszEwPrwWFXdfR0j4tESs9/HlfB+Ljb5mgNWZA9kqai0l4jI\nlRYnQJcS3YMXQB7mS+acOnOwcY/oseqVT7aMhuVUA9Q1pwBNelpZmNY0+g5xfoXa\nrnMkONKzH+8zL4P9OwXPByN/jcOWJ/PASmnjIss8TbJL1f8=\n-----END CERTIFICATE-----",
                "common_name": "C=US,O=Google\\, Inc,CN=Google Cloud SQL Server CA,dnQualifier=65377841-a44d-4acd-84bc-12c9320fd5b7",
                "create_time": "2020-11-27T06:12:12.778Z",
                "expiration_time": "2030-11-25T06:13:12.778Z",
                "sha1_fingerprint": "1ba53a62297a02721e52e94f7a21d334c4636367"
              }
            ],
            "service_account_email_address": "p792680317269-8wgbns@gcp-sa-cloud-sql.iam.gserviceaccount.com",
            "settings": [
              {
                "activation_policy": "ALWAYS",
                "authorized_gae_applications": null,
                "availability_type": "",
                "backup_configuration": [
                  {
                    "binary_log_enabled": false,
                    "enabled": false,
                    "location": "",
                    "point_in_time_recovery_enabled": false,
                    "start_time": "17:00"
                  }
                ],
                "crash_safe_replication": false,
                "database_flags": [],
                "disk_autoresize": true,
                "disk_size": 10,
                "disk_type": "PD_SSD",
                "ip_configuration": [
                  {
                    "authorized_networks": [],
                    "ipv4_enabled": false,
                    "private_network": "projects/birdybrain/global/networks/gitlab",
                    "require_ssl": false
                  }
                ],
                "location_preference": [
                  {
                    "follow_gae_application": "",
                    "zone": "us-central1-b"
                  }
                ],
                "maintenance_window": [],
                "pricing_plan": "PER_USE",
                "replication_type": "SYNCHRONOUS",
                "tier": "db-custom-4-15360",
                "user_labels": null,
                "version": 1
              }
            ],
            "timeouts": null
          },
          "private": "eyJlMmJmYjczMC1lY2FhLTExZTYtOGY4OC0zNDM2M2JjN2M0YzAiOnsiY3JlYXRlIjoxMjAwMDAwMDAwMDAwLCJkZWxldGUiOjEyMDAwMDAwMDAwMDAsInVwZGF0ZSI6MTIwMDAwMDAwMDAwMH19",
          "dependencies": [
            "google_compute_global_address.gitlab_sql",
            "google_compute_network.gitlab",
            "google_service_networking_connection.private_vpc_connection",
            "module.project_services.google_project_service.project_services",
            "random_id.suffix"
          ]
        }
      ]
    },
    {
      "mode": "managed",
      "type": "google_sql_user",
      "name": "gitlab",
      "provider": "provider.google",
      "instances": [
        {
          "schema_version": 1,
          "attributes": {
            "deletion_policy": null,
            "host": "",
            "id": "gitlab//gitlab-db",
            "instance": "gitlab-db",
            "name": "gitlab",
            "password": "wzRva3GsFhjO0fuo",
            "project": "birdybrain",
            "timeouts": null
          },
          "private": "eyJlMmJmYjczMC1lY2FhLTExZTYtOGY4OC0zNDM2M2JjN2M0YzAiOnsiY3JlYXRlIjo2MDAwMDAwMDAwMDAsImRlbGV0ZSI6NjAwMDAwMDAwMDAwLCJ1cGRhdGUiOjYwMDAwMDAwMDAwMH0sInNjaGVtYV92ZXJzaW9uIjoiMSJ9",
          "dependencies": [
            "google_compute_global_address.gitlab_sql",
            "google_compute_network.gitlab",
            "google_service_networking_connection.private_vpc_connection",
            "google_sql_database_instance.gitlab_db",
            "module.project_services.google_project_service.project_services",
            "random_id.suffix",
            "random_string.autogenerated_gitlab_db_password"
          ]
        }
      ]
    },
    {
      "mode": "managed",
      "type": "google_storage_bucket",
      "name": "git-lfs",
      "provider": "provider.google",
      "instances": [
        {
          "schema_version": 0,
          "attributes": {
            "bucket_policy_only": false,
            "cors": [],
            "default_event_based_hold": false,
            "encryption": [],
            "force_destroy": false,
            "id": "birdybrain-git-lfs",
            "labels": null,
            "lifecycle_rule": [],
            "location": "US-CENTRAL1",
            "logging": [],
            "name": "birdybrain-git-lfs",
            "project": "birdybrain",
            "requester_pays": false,
            "retention_policy": [],
            "self_link": "https://www.googleapis.com/storage/v1/b/birdybrain-git-lfs",
            "storage_class": "STANDARD",
            "uniform_bucket_level_access": false,
            "url": "gs://birdybrain-git-lfs",
            "versioning": [],
            "website": []
          },
          "private": "bnVsbA=="
        }
      ]
    },
    {
      "mode": "managed",
      "type": "google_storage_bucket",
      "name": "gitlab-artifacts",
      "provider": "provider.google",
      "instances": [
        {
          "schema_version": 0,
          "attributes": {
            "bucket_policy_only": false,
            "cors": [],
            "default_event_based_hold": false,
            "encryption": [],
            "force_destroy": false,
            "id": "birdybrain-gitlab-artifacts",
            "labels": null,
            "lifecycle_rule": [],
            "location": "US-CENTRAL1",
            "logging": [],
            "name": "birdybrain-gitlab-artifacts",
            "project": "birdybrain",
            "requester_pays": false,
            "retention_policy": [],
            "self_link": "https://www.googleapis.com/storage/v1/b/birdybrain-gitlab-artifacts",
            "storage_class": "STANDARD",
            "uniform_bucket_level_access": false,
            "url": "gs://birdybrain-gitlab-artifacts",
            "versioning": [],
            "website": []
          },
          "private": "bnVsbA=="
        }
      ]
    },
    {
      "mode": "managed",
      "type": "google_storage_bucket",
      "name": "gitlab-backups",
      "provider": "provider.google",
      "instances": [
        {
          "schema_version": 0,
          "attributes": {
            "bucket_policy_only": false,
            "cors": [],
            "default_event_based_hold": false,
            "encryption": [],
            "force_destroy": false,
            "id": "birdybrain-gitlab-backups",
            "labels": null,
            "lifecycle_rule": [],
            "location": "US-CENTRAL1",
            "logging": [],
            "name": "birdybrain-gitlab-backups",
            "project": "birdybrain",
            "requester_pays": false,
            "retention_policy": [],
            "self_link": "https://www.googleapis.com/storage/v1/b/birdybrain-gitlab-backups",
            "storage_class": "STANDARD",
            "uniform_bucket_level_access": false,
            "url": "gs://birdybrain-gitlab-backups",
            "versioning": [],
            "website": []
          },
          "private": "bnVsbA=="
        }
      ]
    },
    {
      "mode": "managed",
      "type": "google_storage_bucket",
      "name": "gitlab-packages",
      "provider": "provider.google",
      "instances": [
        {
          "schema_version": 0,
          "attributes": {
            "bucket_policy_only": false,
            "cors": [],
            "default_event_based_hold": false,
            "encryption": [],
            "force_destroy": false,
            "id": "birdybrain-gitlab-packages",
            "labels": null,
            "lifecycle_rule": [],
            "location": "US-CENTRAL1",
            "logging": [],
            "name": "birdybrain-gitlab-packages",
            "project": "birdybrain",
            "requester_pays": false,
            "retention_policy": [],
            "self_link": "https://www.googleapis.com/storage/v1/b/birdybrain-gitlab-packages",
            "storage_class": "STANDARD",
            "uniform_bucket_level_access": false,
            "url": "gs://birdybrain-gitlab-packages",
            "versioning": [],
            "website": []
          },
          "private": "bnVsbA=="
        }
      ]
    },
    {
      "mode": "managed",
      "type": "google_storage_bucket",
      "name": "gitlab-pseudo",
      "provider": "provider.google",
      "instances": [
        {
          "schema_version": 0,
          "attributes": {
            "bucket_policy_only": false,
            "cors": [],
            "default_event_based_hold": false,
            "encryption": [],
            "force_destroy": false,
            "id": "birdybrain-pseudo",
            "labels": null,
            "lifecycle_rule": [],
            "location": "US-CENTRAL1",
            "logging": [],
            "name": "birdybrain-pseudo",
            "project": "birdybrain",
            "requester_pays": false,
            "retention_policy": [],
            "self_link": "https://www.googleapis.com/storage/v1/b/birdybrain-pseudo",
            "storage_class": "STANDARD",
            "uniform_bucket_level_access": false,
            "url": "gs://birdybrain-pseudo",
            "versioning": [],
            "website": []
          },
          "private": "bnVsbA=="
        }
      ]
    },
    {
      "mode": "managed",
      "type": "google_storage_bucket",
      "name": "gitlab-registry",
      "provider": "provider.google",
      "instances": [
        {
          "schema_version": 0,
          "attributes": {
            "bucket_policy_only": false,
            "cors": [],
            "default_event_based_hold": false,
            "encryption": [],
            "force_destroy": false,
            "id": "birdybrain-registry",
            "labels": null,
            "lifecycle_rule": [],
            "location": "US-CENTRAL1",
            "logging": [],
            "name": "birdybrain-registry",
            "project": "birdybrain",
            "requester_pays": false,
            "retention_policy": [],
            "self_link": "https://www.googleapis.com/storage/v1/b/birdybrain-registry",
            "storage_class": "STANDARD",
            "uniform_bucket_level_access": false,
            "url": "gs://birdybrain-registry",
            "versioning": [],
            "website": []
          },
          "private": "bnVsbA=="
        }
      ]
    },
    {
      "mode": "managed",
      "type": "google_storage_bucket",
      "name": "gitlab-runner-cache",
      "provider": "provider.google",
      "instances": [
        {
          "schema_version": 0,
          "attributes": {
            "bucket_policy_only": false,
            "cors": [],
            "default_event_based_hold": false,
            "encryption": [],
            "force_destroy": false,
            "id": "birdybrain-runner-cache",
            "labels": null,
            "lifecycle_rule": [],
            "location": "US-CENTRAL1",
            "logging": [],
            "name": "birdybrain-runner-cache",
            "project": "birdybrain",
            "requester_pays": false,
            "retention_policy": [],
            "self_link": "https://www.googleapis.com/storage/v1/b/birdybrain-runner-cache",
            "storage_class": "STANDARD",
            "uniform_bucket_level_access": false,
            "url": "gs://birdybrain-runner-cache",
            "versioning": [],
            "website": []
          },
          "private": "bnVsbA=="
        }
      ]
    },
    {
      "mode": "managed",
      "type": "google_storage_bucket",
      "name": "gitlab-uploads",
      "provider": "provider.google",
      "instances": [
        {
          "schema_version": 0,
          "attributes": {
            "bucket_policy_only": false,
            "cors": [],
            "default_event_based_hold": false,
            "encryption": [],
            "force_destroy": false,
            "id": "birdybrain-gitlab-uploads",
            "labels": null,
            "lifecycle_rule": [],
            "location": "US-CENTRAL1",
            "logging": [],
            "name": "birdybrain-gitlab-uploads",
            "project": "birdybrain",
            "requester_pays": false,
            "retention_policy": [],
            "self_link": "https://www.googleapis.com/storage/v1/b/birdybrain-gitlab-uploads",
            "storage_class": "STANDARD",
            "uniform_bucket_level_access": false,
            "url": "gs://birdybrain-gitlab-uploads",
            "versioning": [],
            "website": []
          },
          "private": "bnVsbA=="
        }
      ]
    },
    {
      "mode": "managed",
      "type": "helm_release",
      "name": "gitlab",
      "provider": "provider.helm",
      "instances": [
        {
          "schema_version": 0,
          "attributes": {
            "atomic": false,
            "chart": "gitlab",
            "cleanup_on_fail": false,
            "create_namespace": false,
            "dependency_update": false,
            "description": null,
            "devel": null,
            "disable_crd_hooks": false,
            "disable_openapi_validation": false,
            "disable_webhooks": false,
            "force_update": false,
            "id": "gitlab",
            "keyring": null,
            "lint": false,
            "max_history": 0,
            "metadata": [
              {
                "chart": "gitlab",
                "name": "gitlab",
                "namespace": "default",
                "revision": 1,
                "values": "{\"certmanager-issuer\":{\"email\":\"amilam@andrewmilam.com\"},\"gitlab\":{\"gitaly\":{\"persistence\":{\"size\":\"200Gi\",\"storageClass\":\"pd-ssd\"}},\"task-runner\":{\"backups\":{\"objectStorage\":{\"backend\":\"gcs\",\"config\":{\"gcpProject\":\"birdybrain\",\"key\":\"gcs-application-credentials-file\",\"secret\":\"google-application-credentials\"}}}}},\"gitlab-runner\":{\"install\":true,\"rbac\":{\"create\":true},\"runners\":{\"cache\":{\"cacheShared\":true,\"cacheType\":\"gcs\",\"gcsBucketName\":\"birdybrain-runner-cache\",\"secretName\":\"google-application-credentials\"},\"locked\":false}},\"global\":{\"appConfig\":{\"artifacts\":{\"bucket\":\"birdybrain-gitlab-artifacts\",\"connection\":{\"key\":\"connection\",\"secret\":\"gitlab-rails-storage\"}},\"backups\":{\"bucket\":\"birdybrain-gitlab-backups\"},\"enableUsagePing\":false,\"lfs\":{\"bucket\":\"birdybrain-git-lfs\",\"connection\":{\"key\":\"connection\",\"secret\":\"gitlab-rails-storage\"}},\"packages\":{\"bucket\":\"birdybrain-gitlab-packages\",\"connection\":{\"key\":\"connection\",\"secret\":\"gitlab-rails-storage\"}},\"pseudonymizer\":{\"bucket\":\"birdybrain-gitlab-pseudo\",\"connection\":{\"key\":\"connection\",\"secret\":\"gitlab-rails-storage\"}},\"uploads\":{\"bucket\":\"birdybrain-gitlab-uploads\",\"connection\":{\"key\":\"connection\",\"secret\":\"gitlab-rails-storage\"}}},\"edition\":\"ce\",\"hosts\":{\"domain\":\"34.69.130.102.xip.io\",\"externalIP\":\"34.69.130.102\",\"gitlab\":{},\"https\":true,\"ssh\":null},\"ingress\":{\"configureCertmanager\":true,\"enabled\":true,\"tls\":{\"enabled\":true}},\"minio\":{\"enabled\":false},\"psql\":{\"database\":\"gitlabhq_production\",\"host\":\"10.1.0.3\",\"password\":{\"key\":\"password\",\"secret\":\"gitlab-pg\"},\"port\":5432,\"username\":\"gitlab\"},\"redis\":{\"host\":\"10.229.158.180\",\"password\":{\"enabled\":false}}},\"postgresql\":{\"install\":false},\"prometheus\":{\"install\":false},\"redis\":{\"install\":false},\"registry\":{\"enabled\":true,\"storage\":{\"extraKey\":\"gcs.json\",\"key\":\"storage\",\"secret\":\"gitlab-registry-storage\"}}}",
                "version": "4.2.4"
              }
            ],
            "name": "gitlab",
            "namespace": "default",
            "postrender": [],
            "recreate_pods": false,
            "render_subchart_notes": true,
            "replace": false,
            "repository": "https://charts.gitlab.io",
            "repository_ca_file": null,
            "repository_cert_file": null,
            "repository_key_file": null,
            "repository_password": null,
            "repository_username": null,
            "reset_values": false,
            "reuse_values": false,
            "set": [],
            "set_sensitive": [],
            "set_string": [],
            "skip_crds": false,
            "status": "deployed",
            "timeout": 1200,
            "values": [
              "# Values for gitlab/gitlab chart on GKE\nglobal:\n  edition: ce\n  hosts:\n    domain: 34.69.130.102.xip.io\n    https: true\n    gitlab: {}\n    externalIP: 34.69.130.102\n    ssh: ~\n\n  ## doc/charts/globals.md#configure-ingress-settings\n  ingress:\n    configureCertmanager: true\n    enabled: true\n    tls:\n      enabled: true\n\n  ## doc/charts/globals.md#configure-postgresql-settings\n  psql:\n    password:\n      secret: gitlab-pg\n      key: password\n    host: 10.1.0.3\n    port: 5432\n    username: gitlab\n    database: gitlabhq_production\n\n  redis:\n    password:\n      enabled: false\n    host: 10.229.158.180\n\n  ## doc/charts/globals.md#configure-minio-settings\n  minio:\n    enabled: false\n\n  ## doc/charts/globals.md#configure-appconfig-settings\n  ## Rails based portions of this chart share many settings\n  appConfig:\n    ## doc/charts/globals.md#general-application-settings\n    enableUsagePing: false\n\n    ## doc/charts/globals.md#lfs-artifacts-uploads-packages\n    backups:\n      bucket: birdybrain-gitlab-backups\n    lfs:\n      bucket: birdybrain-git-lfs\n      connection:\n        secret: gitlab-rails-storage\n        key: connection\n    artifacts:\n      bucket: birdybrain-gitlab-artifacts\n      connection:\n        secret: gitlab-rails-storage\n        key: connection\n    uploads:\n      bucket: birdybrain-gitlab-uploads\n      connection:\n        secret: gitlab-rails-storage\n        key: connection\n    packages:\n      bucket: birdybrain-gitlab-packages\n      connection:\n        secret: gitlab-rails-storage\n        key: connection\n\n    ## doc/charts/globals.md#pseudonymizer-settings\n    pseudonymizer:\n      bucket: birdybrain-gitlab-pseudo\n      connection:\n        secret: gitlab-rails-storage\n        key: connection\n\ncertmanager-issuer:\n  email: amilam@andrewmilam.com\n\nprometheus:\n  install: false\n\nredis:\n  install: false\n\ngitlab:\n  gitaly:\n    persistence:\n      size: 200Gi\n      storageClass: \"pd-ssd\"\n  task-runner:\n    backups:\n      objectStorage:\n        backend: gcs\n        config:\n          secret: google-application-credentials\n          key: gcs-application-credentials-file\n          gcpProject: birdybrain\n\npostgresql:\n  install: false\n\ngitlab-runner:\n  install: true\n  rbac:\n    create: true\n  runners:\n    locked: false\n    cache:\n      cacheType: gcs\n      gcsBucketName: birdybrain-runner-cache\n      secretName: google-application-credentials\n      cacheShared: true\n\nregistry:\n  enabled: true\n  storage:\n    secret: gitlab-registry-storage\n    key: storage\n    extraKey: gcs.json\n"
            ],
            "verify": false,
            "version": "4.2.4",
            "wait": true
          },
          "private": "bnVsbA==",
          "dependencies": [
            "google_compute_address.gitlab",
            "google_compute_global_address.gitlab_sql",
            "google_compute_network.gitlab",
            "google_compute_subnetwork.subnetwork",
            "google_redis_instance.gitlab",
            "google_service_networking_connection.private_vpc_connection",
            "google_sql_database.gitlabhq_production",
            "google_sql_database_instance.gitlab_db",
            "google_sql_user.gitlab",
            "kubernetes_storage_class.pd-ssd",
            "module.gke.google_container_cluster.primary",
            "module.gke.google_container_node_pool.pools",
            "module.gke.google_service_account.cluster_service_account",
            "module.gke.module.gcloud_wait_for_cluster.null_resource.additional_components",
            "module.gke.module.gcloud_wait_for_cluster.null_resource.decompress",
            "module.gke.module.gcloud_wait_for_cluster.null_resource.gcloud_auth_google_credentials",
            "module.gke.module.gcloud_wait_for_cluster.null_resource.gcloud_auth_service_account_key_file",
            "module.gke.module.gcloud_wait_for_cluster.null_resource.module_depends_on",
            "module.gke.module.gcloud_wait_for_cluster.null_resource.run_command",
            "module.gke.module.gcloud_wait_for_cluster.null_resource.run_destroy_command",
            "module.gke.module.gcloud_wait_for_cluster.random_id.cache",
            "module.gke.random_shuffle.available_zones",
            "module.gke.random_string.cluster_service_account_suffix",
            "module.project_services.google_project_service.project_services",
            "random_id.suffix",
            "random_string.autogenerated_gitlab_db_password",
            "time_sleep.sleep_for_cluster_fix_helm_6361"
          ]
        }
      ]
    },
    {
      "module": "module.gke",
      "mode": "managed",
      "type": "kubernetes_config_map",
      "name": "ip-masq-agent",
      "each": "list",
      "provider": "module.gke.provider.kubernetes",
      "instances": []
    },
    {
      "module": "module.gke",
      "mode": "managed",
      "type": "kubernetes_config_map",
      "name": "kube-dns",
      "each": "list",
      "provider": "module.gke.provider.kubernetes",
      "instances": []
    },
    {
      "module": "module.gke",
      "mode": "managed",
      "type": "kubernetes_config_map",
      "name": "kube-dns-upstream-nameservers-and-stub-domains",
      "each": "list",
      "provider": "module.gke.provider.kubernetes",
      "instances": []
    },
    {
      "module": "module.gke",
      "mode": "managed",
      "type": "kubernetes_config_map",
      "name": "kube-dns-upstream-namservers",
      "each": "list",
      "provider": "module.gke.provider.kubernetes",
      "instances": []
    },
    {
      "mode": "managed",
      "type": "kubernetes_secret",
      "name": "gitlab_gcs_credentials",
      "provider": "provider.kubernetes",
      "instances": [
        {
          "schema_version": 0,
          "attributes": {
            "data": {
              "gcs-application-credentials-file": "{\n  \"type\": \"service_account\",\n  \"project_id\": \"birdybrain\",\n  \"private_key_id\": \"2f3e0ce03b82acb64ef3f0cca7d7a0ab88a8b728\",\n  \"private_key\": \"-----BEGIN PRIVATE KEY-----\\nMIIEvQIBADANBgkqhkiG9w0BAQEFAASCBKcwggSjAgEAAoIBAQCB9CvSgj1KAqpK\\nCZRQDCajiSXjLDfHYP/RSxZ/aN8E5eFcuqn4JDiqcel/z16wH+i7qf+YYM4W7677\\nMZizGTRxiSyWpOK4qYm6PNhrbYJ/kZp0gsTiHjn7N4vLfcpobH6wZQ9ERG4KpRkW\\n3+FzgXVSyI9+IKB+ht3Nc6864aZVv967KBYiYD3hGtAoVzpWTJVzTxp6bYhPvyJ0\\nEBVJaMD3xF3vLsmbdpOLJWUAfXwsckST7ckVKIIq/rJ+KC+SS5rDhSlpovuNFycB\\n3WwgJH1UuSiG7/LPlrhRXirBzT8Mkn+i9+Xe+P0sp/viOPwiC5OF4QwJqHfW04AT\\nzuikIXbVAgMBAAECggEAEPE57gnFHssxKKeOD/o9kVrgjHj9KVUSlQE3731x0fbR\\nxkqfEoxPskeunFdMmM6tg3CQM5gEq7CCPMUvC257oVpebKIWMuKw442/iLtFZQdL\\nvpPhQjo+70BtzSZbB06EcnqCc9vYstzqY/U6idoKEd8MTMfJKiXAG2MmfcPhxnz7\\n5/NAJvvPjmlSo653WO0Pw5Ioz4EWOKEN0qxfcxEWB+Zh1efKlw0ciBURr5T/4Imr\\nPSvG0YV0olaoa+I0tdzX2vDq/asOf2UG048jp1BYx6nPQ715MYhRIWV+YxGMRChT\\n2HaxdNUB8LDfoQ9w6X7AhaB8fz7Go9tWlPLMj+OzQwKBgQC3etj3dIaWO5jid22S\\n+X2wjrOsBjZZQwb+mdK9QJQKDiXEMINQyWf6K43p3ECZoIZxHAtGcSd6GUBgOEi6\\n8faFWz+7ad9qHap7USYtztLz3BFEBj/C6Hr85YHw5hG7LTNynPo/gsb8MnKFozIH\\ntEB7t7bMRZIjVIv0pJc3vxlNRwKBgQC1UVzatVeA/7i8xJ6ZIkKfGkV1i4i2qToz\\njP3n3mOD6al+orYkvzrZt0W7VJ2oh3NTYr2+CAOLLdWCVzZIU1LR6NMm3J9Do/ZK\\nERCDgt7eqGmalH2u6Abfqz22t8uI5R8Fpia9dcYgqoupsV/4/XDoLzYqTSAEKXPw\\nrWRmH7l5AwKBgQCBAd+MHmKDP2Q/17kznjjB65RpX/TWzkocugtzBfURHOFxEKtE\\nIlj5jaY6yKKjYjslTJKg9O7M6vRYszpwN7EeEwq8u7Ra6ID2NBikHMg2roV1Tu+G\\nG/Bd4QF8YEgXU7DY5YcPIOTIbrAXRqfmwtaUJphhCIm4TboaSaAJklQ4AQKBgChV\\nwDU7EAs3V+5OQwXH1FA2dOswLiqMPNFI9RbGpxaqPTVZlvFXxQy3s4B301axQxty\\npMkIWVl1ycBkDERMnOjrRUWo4JkYeWqCn0zSKSgZCN0FWWw2W4kYO/NQsatzZNJJ\\n4uZUs82Cgu0t8y6dmqdcEU2ZuJyUaCFLQUFin0znAoGAKBEhZzEEH1R1qRyRIYxl\\nK3q4z2/cg/POMIVc+RwjCTZoy/Fxwv/IYBgEWL26K8YmoI/C7NS+ycAWyFXn94qE\\nrSg851GYh9PQajrWK4eyZn2wh4g2AtCh8oKqf6A8L95pMHeMaS83PeGygERPTny0\\n3bArl4c+9d1bqDWsXPu0eog=\\n-----END PRIVATE KEY-----\\n\",\n  \"client_email\": \"gitlab-gcs@birdybrain.iam.gserviceaccount.com\",\n  \"client_id\": \"118269353759660845018\",\n  \"auth_uri\": \"https://accounts.google.com/o/oauth2/auth\",\n  \"token_uri\": \"https://oauth2.googleapis.com/token\",\n  \"auth_provider_x509_cert_url\": \"https://www.googleapis.com/oauth2/v1/certs\",\n  \"client_x509_cert_url\": \"https://www.googleapis.com/robot/v1/metadata/x509/gitlab-gcs%40birdybrain.iam.gserviceaccount.com\"\n}\n"
            },
            "id": "default/google-application-credentials",
            "metadata": [
              {
                "annotations": null,
                "generate_name": "",
                "generation": 0,
                "labels": null,
                "name": "google-application-credentials",
                "namespace": "default",
                "resource_version": "2121",
                "self_link": "/api/v1/namespaces/default/secrets/google-application-credentials",
                "uid": "52472c94-021a-4479-9fe4-ca8e94a3c1cd"
              }
            ],
            "type": "Opaque"
          },
          "private": "bnVsbA==",
          "dependencies": [
            "google_compute_network.gitlab",
            "google_compute_subnetwork.subnetwork",
            "google_service_account.gitlab_gcs",
            "google_service_account_key.gitlab_gcs",
            "module.gke.google_container_cluster.primary",
            "module.gke.google_service_account.cluster_service_account",
            "module.gke.random_shuffle.available_zones",
            "module.gke.random_string.cluster_service_account_suffix",
            "module.project_services.google_project_service.project_services"
          ]
        }
      ]
    },
    {
      "mode": "managed",
      "type": "kubernetes_secret",
      "name": "gitlab_pg",
      "provider": "provider.kubernetes",
      "instances": [
        {
          "schema_version": 0,
          "attributes": {
            "data": {
              "password": "wzRva3GsFhjO0fuo"
            },
            "id": "default/gitlab-pg",
            "metadata": [
              {
                "annotations": null,
                "generate_name": "",
                "generation": 0,
                "labels": null,
                "name": "gitlab-pg",
                "namespace": "default",
                "resource_version": "2124",
                "self_link": "/api/v1/namespaces/default/secrets/gitlab-pg",
                "uid": "7b6fbdbc-4920-4885-a94b-034579180312"
              }
            ],
            "type": "Opaque"
          },
          "private": "bnVsbA==",
          "dependencies": [
            "google_compute_network.gitlab",
            "google_compute_subnetwork.subnetwork",
            "module.gke.google_container_cluster.primary",
            "module.gke.google_service_account.cluster_service_account",
            "module.gke.random_shuffle.available_zones",
            "module.gke.random_string.cluster_service_account_suffix",
            "module.project_services.google_project_service.project_services",
            "random_string.autogenerated_gitlab_db_password"
          ]
        }
      ]
    },
    {
      "mode": "managed",
      "type": "kubernetes_secret",
      "name": "gitlab_rails_storage",
      "provider": "provider.kubernetes",
      "instances": [
        {
          "schema_version": 0,
          "attributes": {
            "data": {
              "connection": "provider: Google\ngoogle_project: birdybrain\ngoogle_client_email: gitlab-gcs@birdybrain.iam.gserviceaccount.com\ngoogle_json_key_string: '{\n  \"type\": \"service_account\",\n  \"project_id\": \"birdybrain\",\n  \"private_key_id\": \"2f3e0ce03b82acb64ef3f0cca7d7a0ab88a8b728\",\n  \"private_key\": \"-----BEGIN PRIVATE KEY-----\\nMIIEvQIBADANBgkqhkiG9w0BAQEFAASCBKcwggSjAgEAAoIBAQCB9CvSgj1KAqpK\\nCZRQDCajiSXjLDfHYP/RSxZ/aN8E5eFcuqn4JDiqcel/z16wH+i7qf+YYM4W7677\\nMZizGTRxiSyWpOK4qYm6PNhrbYJ/kZp0gsTiHjn7N4vLfcpobH6wZQ9ERG4KpRkW\\n3+FzgXVSyI9+IKB+ht3Nc6864aZVv967KBYiYD3hGtAoVzpWTJVzTxp6bYhPvyJ0\\nEBVJaMD3xF3vLsmbdpOLJWUAfXwsckST7ckVKIIq/rJ+KC+SS5rDhSlpovuNFycB\\n3WwgJH1UuSiG7/LPlrhRXirBzT8Mkn+i9+Xe+P0sp/viOPwiC5OF4QwJqHfW04AT\\nzuikIXbVAgMBAAECggEAEPE57gnFHssxKKeOD/o9kVrgjHj9KVUSlQE3731x0fbR\\nxkqfEoxPskeunFdMmM6tg3CQM5gEq7CCPMUvC257oVpebKIWMuKw442/iLtFZQdL\\nvpPhQjo+70BtzSZbB06EcnqCc9vYstzqY/U6idoKEd8MTMfJKiXAG2MmfcPhxnz7\\n5/NAJvvPjmlSo653WO0Pw5Ioz4EWOKEN0qxfcxEWB+Zh1efKlw0ciBURr5T/4Imr\\nPSvG0YV0olaoa+I0tdzX2vDq/asOf2UG048jp1BYx6nPQ715MYhRIWV+YxGMRChT\\n2HaxdNUB8LDfoQ9w6X7AhaB8fz7Go9tWlPLMj+OzQwKBgQC3etj3dIaWO5jid22S\\n+X2wjrOsBjZZQwb+mdK9QJQKDiXEMINQyWf6K43p3ECZoIZxHAtGcSd6GUBgOEi6\\n8faFWz+7ad9qHap7USYtztLz3BFEBj/C6Hr85YHw5hG7LTNynPo/gsb8MnKFozIH\\ntEB7t7bMRZIjVIv0pJc3vxlNRwKBgQC1UVzatVeA/7i8xJ6ZIkKfGkV1i4i2qToz\\njP3n3mOD6al+orYkvzrZt0W7VJ2oh3NTYr2+CAOLLdWCVzZIU1LR6NMm3J9Do/ZK\\nERCDgt7eqGmalH2u6Abfqz22t8uI5R8Fpia9dcYgqoupsV/4/XDoLzYqTSAEKXPw\\nrWRmH7l5AwKBgQCBAd+MHmKDP2Q/17kznjjB65RpX/TWzkocugtzBfURHOFxEKtE\\nIlj5jaY6yKKjYjslTJKg9O7M6vRYszpwN7EeEwq8u7Ra6ID2NBikHMg2roV1Tu+G\\nG/Bd4QF8YEgXU7DY5YcPIOTIbrAXRqfmwtaUJphhCIm4TboaSaAJklQ4AQKBgChV\\nwDU7EAs3V+5OQwXH1FA2dOswLiqMPNFI9RbGpxaqPTVZlvFXxQy3s4B301axQxty\\npMkIWVl1ycBkDERMnOjrRUWo4JkYeWqCn0zSKSgZCN0FWWw2W4kYO/NQsatzZNJJ\\n4uZUs82Cgu0t8y6dmqdcEU2ZuJyUaCFLQUFin0znAoGAKBEhZzEEH1R1qRyRIYxl\\nK3q4z2/cg/POMIVc+RwjCTZoy/Fxwv/IYBgEWL26K8YmoI/C7NS+ycAWyFXn94qE\\nrSg851GYh9PQajrWK4eyZn2wh4g2AtCh8oKqf6A8L95pMHeMaS83PeGygERPTny0\\n3bArl4c+9d1bqDWsXPu0eog=\\n-----END PRIVATE KEY-----\\n\",\n  \"client_email\": \"gitlab-gcs@birdybrain.iam.gserviceaccount.com\",\n  \"client_id\": \"118269353759660845018\",\n  \"auth_uri\": \"https://accounts.google.com/o/oauth2/auth\",\n  \"token_uri\": \"https://oauth2.googleapis.com/token\",\n  \"auth_provider_x509_cert_url\": \"https://www.googleapis.com/oauth2/v1/certs\",\n  \"client_x509_cert_url\": \"https://www.googleapis.com/robot/v1/metadata/x509/gitlab-gcs%40birdybrain.iam.gserviceaccount.com\"\n}\n'\n"
            },
            "id": "default/gitlab-rails-storage",
            "metadata": [
              {
                "annotations": null,
                "generate_name": "",
                "generation": 0,
                "labels": null,
                "name": "gitlab-rails-storage",
                "namespace": "default",
                "resource_version": "2122",
                "self_link": "/api/v1/namespaces/default/secrets/gitlab-rails-storage",
                "uid": "c5e1a7f6-25d0-4885-807d-5baba3a154d6"
              }
            ],
            "type": "Opaque"
          },
          "private": "bnVsbA==",
          "dependencies": [
            "google_compute_network.gitlab",
            "google_compute_subnetwork.subnetwork",
            "google_service_account.gitlab_gcs",
            "google_service_account_key.gitlab_gcs",
            "module.gke.google_container_cluster.primary",
            "module.gke.google_service_account.cluster_service_account",
            "module.gke.random_shuffle.available_zones",
            "module.gke.random_string.cluster_service_account_suffix",
            "module.project_services.google_project_service.project_services"
          ]
        }
      ]
    },
    {
      "mode": "managed",
      "type": "kubernetes_secret",
      "name": "gitlab_registry_storage",
      "provider": "provider.kubernetes",
      "instances": [
        {
          "schema_version": 0,
          "attributes": {
            "data": {
              "gcs.json": "{\n  \"type\": \"service_account\",\n  \"project_id\": \"birdybrain\",\n  \"private_key_id\": \"2f3e0ce03b82acb64ef3f0cca7d7a0ab88a8b728\",\n  \"private_key\": \"-----BEGIN PRIVATE KEY-----\\nMIIEvQIBADANBgkqhkiG9w0BAQEFAASCBKcwggSjAgEAAoIBAQCB9CvSgj1KAqpK\\nCZRQDCajiSXjLDfHYP/RSxZ/aN8E5eFcuqn4JDiqcel/z16wH+i7qf+YYM4W7677\\nMZizGTRxiSyWpOK4qYm6PNhrbYJ/kZp0gsTiHjn7N4vLfcpobH6wZQ9ERG4KpRkW\\n3+FzgXVSyI9+IKB+ht3Nc6864aZVv967KBYiYD3hGtAoVzpWTJVzTxp6bYhPvyJ0\\nEBVJaMD3xF3vLsmbdpOLJWUAfXwsckST7ckVKIIq/rJ+KC+SS5rDhSlpovuNFycB\\n3WwgJH1UuSiG7/LPlrhRXirBzT8Mkn+i9+Xe+P0sp/viOPwiC5OF4QwJqHfW04AT\\nzuikIXbVAgMBAAECggEAEPE57gnFHssxKKeOD/o9kVrgjHj9KVUSlQE3731x0fbR\\nxkqfEoxPskeunFdMmM6tg3CQM5gEq7CCPMUvC257oVpebKIWMuKw442/iLtFZQdL\\nvpPhQjo+70BtzSZbB06EcnqCc9vYstzqY/U6idoKEd8MTMfJKiXAG2MmfcPhxnz7\\n5/NAJvvPjmlSo653WO0Pw5Ioz4EWOKEN0qxfcxEWB+Zh1efKlw0ciBURr5T/4Imr\\nPSvG0YV0olaoa+I0tdzX2vDq/asOf2UG048jp1BYx6nPQ715MYhRIWV+YxGMRChT\\n2HaxdNUB8LDfoQ9w6X7AhaB8fz7Go9tWlPLMj+OzQwKBgQC3etj3dIaWO5jid22S\\n+X2wjrOsBjZZQwb+mdK9QJQKDiXEMINQyWf6K43p3ECZoIZxHAtGcSd6GUBgOEi6\\n8faFWz+7ad9qHap7USYtztLz3BFEBj/C6Hr85YHw5hG7LTNynPo/gsb8MnKFozIH\\ntEB7t7bMRZIjVIv0pJc3vxlNRwKBgQC1UVzatVeA/7i8xJ6ZIkKfGkV1i4i2qToz\\njP3n3mOD6al+orYkvzrZt0W7VJ2oh3NTYr2+CAOLLdWCVzZIU1LR6NMm3J9Do/ZK\\nERCDgt7eqGmalH2u6Abfqz22t8uI5R8Fpia9dcYgqoupsV/4/XDoLzYqTSAEKXPw\\nrWRmH7l5AwKBgQCBAd+MHmKDP2Q/17kznjjB65RpX/TWzkocugtzBfURHOFxEKtE\\nIlj5jaY6yKKjYjslTJKg9O7M6vRYszpwN7EeEwq8u7Ra6ID2NBikHMg2roV1Tu+G\\nG/Bd4QF8YEgXU7DY5YcPIOTIbrAXRqfmwtaUJphhCIm4TboaSaAJklQ4AQKBgChV\\nwDU7EAs3V+5OQwXH1FA2dOswLiqMPNFI9RbGpxaqPTVZlvFXxQy3s4B301axQxty\\npMkIWVl1ycBkDERMnOjrRUWo4JkYeWqCn0zSKSgZCN0FWWw2W4kYO/NQsatzZNJJ\\n4uZUs82Cgu0t8y6dmqdcEU2ZuJyUaCFLQUFin0znAoGAKBEhZzEEH1R1qRyRIYxl\\nK3q4z2/cg/POMIVc+RwjCTZoy/Fxwv/IYBgEWL26K8YmoI/C7NS+ycAWyFXn94qE\\nrSg851GYh9PQajrWK4eyZn2wh4g2AtCh8oKqf6A8L95pMHeMaS83PeGygERPTny0\\n3bArl4c+9d1bqDWsXPu0eog=\\n-----END PRIVATE KEY-----\\n\",\n  \"client_email\": \"gitlab-gcs@birdybrain.iam.gserviceaccount.com\",\n  \"client_id\": \"118269353759660845018\",\n  \"auth_uri\": \"https://accounts.google.com/o/oauth2/auth\",\n  \"token_uri\": \"https://oauth2.googleapis.com/token\",\n  \"auth_provider_x509_cert_url\": \"https://www.googleapis.com/oauth2/v1/certs\",\n  \"client_x509_cert_url\": \"https://www.googleapis.com/robot/v1/metadata/x509/gitlab-gcs%40birdybrain.iam.gserviceaccount.com\"\n}\n\n",
              "storage": "gcs:\n  bucket: birdybrain-registry\n  keyfile: /etc/docker/registry/storage/gcs.json\n"
            },
            "id": "default/gitlab-registry-storage",
            "metadata": [
              {
                "annotations": null,
                "generate_name": "",
                "generation": 0,
                "labels": null,
                "name": "gitlab-registry-storage",
                "namespace": "default",
                "resource_version": "2123",
                "self_link": "/api/v1/namespaces/default/secrets/gitlab-registry-storage",
                "uid": "11541630-b6ff-4c95-b524-416094d6f8ef"
              }
            ],
            "type": "Opaque"
          },
          "private": "bnVsbA==",
          "dependencies": [
            "google_compute_network.gitlab",
            "google_compute_subnetwork.subnetwork",
            "google_service_account.gitlab_gcs",
            "google_service_account_key.gitlab_gcs",
            "module.gke.google_container_cluster.primary",
            "module.gke.google_service_account.cluster_service_account",
            "module.gke.random_shuffle.available_zones",
            "module.gke.random_string.cluster_service_account_suffix",
            "module.project_services.google_project_service.project_services"
          ]
        }
      ]
    },
    {
      "mode": "managed",
      "type": "kubernetes_storage_class",
      "name": "pd-ssd",
      "provider": "provider.kubernetes",
      "instances": [
        {
          "schema_version": 0,
          "attributes": {
            "allow_volume_expansion": true,
            "id": "pd-ssd",
            "metadata": [
              {
                "annotations": null,
                "generate_name": "",
                "generation": 0,
                "labels": null,
                "name": "pd-ssd",
                "resource_version": "2125",
                "self_link": "/apis/storage.k8s.io/v1/storageclasses/pd-ssd",
                "uid": "093f2e63-00a2-4359-adda-19b9005b8ed5"
              }
            ],
            "mount_options": null,
            "parameters": {
              "type": "pd-ssd"
            },
            "reclaim_policy": "Delete",
            "storage_provisioner": "kubernetes.io/gce-pd",
            "volume_binding_mode": "Immediate"
          },
          "private": "bnVsbA==",
          "dependencies": [
            "google_compute_network.gitlab",
            "google_compute_subnetwork.subnetwork",
            "module.gke.google_container_cluster.primary",
            "module.gke.google_service_account.cluster_service_account",
            "module.gke.random_shuffle.available_zones",
            "module.gke.random_string.cluster_service_account_suffix",
            "module.project_services.google_project_service.project_services"
          ]
        }
      ]
    },
    {
      "module": "module.gke.module.gcloud_delete_default_kube_dns_configmap.module.gcloud_kubectl",
      "mode": "managed",
      "type": "null_resource",
      "name": "additional_components",
      "each": "list",
      "provider": "provider.null",
      "instances": []
    },
    {
      "module": "module.gke.module.gcloud_wait_for_cluster",
      "mode": "managed",
      "type": "null_resource",
      "name": "additional_components",
      "each": "list",
      "provider": "provider.null",
      "instances": []
    },
    {
      "module": "module.gke.module.gcloud_delete_default_kube_dns_configmap.module.gcloud_kubectl",
      "mode": "managed",
      "type": "null_resource",
      "name": "additional_components_destroy",
      "each": "list",
      "provider": "provider.null",
      "instances": []
    },
    {
      "module": "module.gke.module.gcloud_wait_for_cluster",
      "mode": "managed",
      "type": "null_resource",
      "name": "additional_components_destroy",
      "each": "list",
      "provider": "provider.null",
      "instances": []
    },
    {
      "module": "module.gke.module.gcloud_delete_default_kube_dns_configmap.module.gcloud_kubectl",
      "mode": "managed",
      "type": "null_resource",
      "name": "decompress",
      "each": "list",
      "provider": "provider.null",
      "instances": []
    },
    {
      "module": "module.gke.module.gcloud_wait_for_cluster",
      "mode": "managed",
      "type": "null_resource",
      "name": "decompress",
      "each": "list",
      "provider": "provider.null",
      "instances": []
    },
    {
      "module": "module.gke.module.gcloud_delete_default_kube_dns_configmap.module.gcloud_kubectl",
      "mode": "managed",
      "type": "null_resource",
      "name": "decompress_destroy",
      "each": "list",
      "provider": "provider.null",
      "instances": []
    },
    {
      "module": "module.gke.module.gcloud_wait_for_cluster",
      "mode": "managed",
      "type": "null_resource",
      "name": "decompress_destroy",
      "each": "list",
      "provider": "provider.null",
      "instances": []
    },
    {
      "module": "module.gke.module.gcloud_delete_default_kube_dns_configmap.module.gcloud_kubectl",
      "mode": "managed",
      "type": "null_resource",
      "name": "download_gcloud",
      "each": "list",
      "provider": "provider.null",
      "instances": []
    },
    {
      "module": "module.gke.module.gcloud_wait_for_cluster",
      "mode": "managed",
      "type": "null_resource",
      "name": "download_gcloud",
      "each": "list",
      "provider": "provider.null",
      "instances": []
    },
    {
      "module": "module.gke.module.gcloud_delete_default_kube_dns_configmap.module.gcloud_kubectl",
      "mode": "managed",
      "type": "null_resource",
      "name": "download_jq",
      "each": "list",
      "provider": "provider.null",
      "instances": []
    },
    {
      "module": "module.gke.module.gcloud_wait_for_cluster",
      "mode": "managed",
      "type": "null_resource",
      "name": "download_jq",
      "each": "list",
      "provider": "provider.null",
      "instances": []
    },
    {
      "module": "module.gke.module.gcloud_delete_default_kube_dns_configmap.module.gcloud_kubectl",
      "mode": "managed",
      "type": "null_resource",
      "name": "gcloud_auth_google_credentials",
      "each": "list",
      "provider": "provider.null",
      "instances": []
    },
    {
      "module": "module.gke.module.gcloud_wait_for_cluster",
      "mode": "managed",
      "type": "null_resource",
      "name": "gcloud_auth_google_credentials",
      "each": "list",
      "provider": "provider.null",
      "instances": []
    },
    {
      "module": "module.gke.module.gcloud_delete_default_kube_dns_configmap.module.gcloud_kubectl",
      "mode": "managed",
      "type": "null_resource",
      "name": "gcloud_auth_google_credentials_destroy",
      "each": "list",
      "provider": "provider.null",
      "instances": []
    },
    {
      "module": "module.gke.module.gcloud_wait_for_cluster",
      "mode": "managed",
      "type": "null_resource",
      "name": "gcloud_auth_google_credentials_destroy",
      "each": "list",
      "provider": "provider.null",
      "instances": []
    },
    {
      "module": "module.gke.module.gcloud_delete_default_kube_dns_configmap.module.gcloud_kubectl",
      "mode": "managed",
      "type": "null_resource",
      "name": "gcloud_auth_service_account_key_file",
      "each": "list",
      "provider": "provider.null",
      "instances": []
    },
    {
      "module": "module.gke.module.gcloud_wait_for_cluster",
      "mode": "managed",
      "type": "null_resource",
      "name": "gcloud_auth_service_account_key_file",
      "each": "list",
      "provider": "provider.null",
      "instances": []
    },
    {
      "module": "module.gke.module.gcloud_delete_default_kube_dns_configmap.module.gcloud_kubectl",
      "mode": "managed",
      "type": "null_resource",
      "name": "gcloud_auth_service_account_key_file_destroy",
      "each": "list",
      "provider": "provider.null",
      "instances": []
    },
    {
      "module": "module.gke.module.gcloud_wait_for_cluster",
      "mode": "managed",
      "type": "null_resource",
      "name": "gcloud_auth_service_account_key_file_destroy",
      "each": "list",
      "provider": "provider.null",
      "instances": []
    },
    {
      "module": "module.gke.module.gcloud_delete_default_kube_dns_configmap.module.gcloud_kubectl",
      "mode": "managed",
      "type": "null_resource",
      "name": "module_depends_on",
      "each": "list",
      "provider": "provider.null",
      "instances": [
        {
          "index_key": 0,
          "schema_version": 0,
          "attributes": {
            "id": "749836355675906754",
            "triggers": {
              "value": "3"
            }
          },
          "private": "bnVsbA==",
          "dependencies": [
            "google_compute_network.gitlab",
            "google_compute_subnetwork.subnetwork",
            "module.gke.google_container_cluster.primary",
            "module.gke.google_container_node_pool.pools",
            "module.gke.google_service_account.cluster_service_account",
            "module.gke.random_shuffle.available_zones",
            "module.gke.random_string.cluster_service_account_suffix",
            "module.project_services.google_project_service.project_services"
          ]
        }
      ]
    },
    {
      "module": "module.gke.module.gcloud_wait_for_cluster",
      "mode": "managed",
      "type": "null_resource",
      "name": "module_depends_on",
      "each": "list",
      "provider": "provider.null",
      "instances": [
        {
          "index_key": 0,
          "schema_version": 0,
          "attributes": {
            "id": "5508896392152796411",
            "triggers": {
              "value": "2"
            }
          },
          "private": "bnVsbA==",
          "dependencies": [
            "google_compute_network.gitlab",
            "google_compute_subnetwork.subnetwork",
            "module.gke.google_container_cluster.primary",
            "module.gke.google_container_node_pool.pools",
            "module.gke.google_service_account.cluster_service_account",
            "module.gke.random_shuffle.available_zones",
            "module.gke.random_string.cluster_service_account_suffix",
            "module.project_services.google_project_service.project_services"
          ]
        }
      ]
    },
    {
      "module": "module.gke.module.gcloud_delete_default_kube_dns_configmap.module.gcloud_kubectl",
      "mode": "managed",
      "type": "null_resource",
      "name": "prepare_cache",
      "each": "list",
      "provider": "provider.null",
      "instances": []
    },
    {
      "module": "module.gke.module.gcloud_wait_for_cluster",
      "mode": "managed",
      "type": "null_resource",
      "name": "prepare_cache",
      "each": "list",
      "provider": "provider.null",
      "instances": []
    },
    {
      "module": "module.gke.module.gcloud_delete_default_kube_dns_configmap.module.gcloud_kubectl",
      "mode": "managed",
      "type": "null_resource",
      "name": "run_command",
      "each": "list",
      "provider": "provider.null",
      "instances": []
    },
    {
      "module": "module.gke.module.gcloud_wait_for_cluster",
      "mode": "managed",
      "type": "null_resource",
      "name": "run_command",
      "each": "list",
      "provider": "provider.null",
      "instances": [
        {
          "index_key": 0,
          "schema_version": 0,
          "attributes": {
            "id": "6165497719982405420",
            "triggers": {
              "arguments": "a796e1c7690764fba1746095a2c146d5",
              "create_cmd_body": "birdybrain gitlab us-central1 ",
              "create_cmd_entrypoint": ".terraform/modules/gke/scripts/wait-for-cluster.sh",
              "gcloud_bin_abs_path": "/google-cloud-sdk/bin",
              "md5": "32cb86db260b1384045ee58ba7b8f4cf"
            }
          },
          "private": "bnVsbA==",
          "dependencies": [
            "google_compute_network.gitlab",
            "google_compute_subnetwork.subnetwork",
            "module.gke.google_container_cluster.primary",
            "module.gke.google_container_node_pool.pools",
            "module.gke.google_service_account.cluster_service_account",
            "module.gke.module.gcloud_wait_for_cluster.null_resource.additional_components",
            "module.gke.module.gcloud_wait_for_cluster.null_resource.decompress",
            "module.gke.module.gcloud_wait_for_cluster.null_resource.gcloud_auth_google_credentials",
            "module.gke.module.gcloud_wait_for_cluster.null_resource.gcloud_auth_service_account_key_file",
            "module.gke.module.gcloud_wait_for_cluster.null_resource.module_depends_on",
            "module.gke.module.gcloud_wait_for_cluster.random_id.cache",
            "module.gke.random_shuffle.available_zones",
            "module.gke.random_string.cluster_service_account_suffix",
            "module.project_services.google_project_service.project_services"
          ]
        }
      ]
    },
    {
      "module": "module.gke.module.gcloud_delete_default_kube_dns_configmap.module.gcloud_kubectl",
      "mode": "managed",
      "type": "null_resource",
      "name": "run_destroy_command",
      "each": "list",
      "provider": "provider.null",
      "instances": []
    },
    {
      "module": "module.gke.module.gcloud_wait_for_cluster",
      "mode": "managed",
      "type": "null_resource",
      "name": "run_destroy_command",
      "each": "list",
      "provider": "provider.null",
      "instances": [
        {
          "index_key": 0,
          "schema_version": 0,
          "attributes": {
            "id": "5101212944663159924",
            "triggers": {
              "destroy_cmd_body": "birdybrain gitlab us-central1 ",
              "destroy_cmd_entrypoint": ".terraform/modules/gke/scripts/wait-for-cluster.sh",
              "gcloud_bin_abs_path": "/google-cloud-sdk/bin"
            }
          },
          "private": "bnVsbA==",
          "dependencies": [
            "google_compute_network.gitlab",
            "google_compute_subnetwork.subnetwork",
            "module.gke.google_container_cluster.primary",
            "module.gke.google_container_node_pool.pools",
            "module.gke.google_service_account.cluster_service_account",
            "module.gke.module.gcloud_wait_for_cluster.null_resource.additional_components",
            "module.gke.module.gcloud_wait_for_cluster.null_resource.decompress",
            "module.gke.module.gcloud_wait_for_cluster.null_resource.gcloud_auth_google_credentials",
            "module.gke.module.gcloud_wait_for_cluster.null_resource.gcloud_auth_service_account_key_file",
            "module.gke.module.gcloud_wait_for_cluster.null_resource.module_depends_on",
            "module.gke.module.gcloud_wait_for_cluster.random_id.cache",
            "module.gke.random_shuffle.available_zones",
            "module.gke.random_string.cluster_service_account_suffix",
            "module.project_services.google_project_service.project_services"
          ]
        }
      ]
    },
    {
      "module": "module.gke.module.gcloud_delete_default_kube_dns_configmap.module.gcloud_kubectl",
      "mode": "managed",
      "type": "null_resource",
      "name": "upgrade",
      "each": "list",
      "provider": "provider.null",
      "instances": []
    },
    {
      "module": "module.gke.module.gcloud_wait_for_cluster",
      "mode": "managed",
      "type": "null_resource",
      "name": "upgrade",
      "each": "list",
      "provider": "provider.null",
      "instances": []
    },
    {
      "module": "module.gke.module.gcloud_delete_default_kube_dns_configmap.module.gcloud_kubectl",
      "mode": "managed",
      "type": "null_resource",
      "name": "upgrade_destroy",
      "each": "list",
      "provider": "provider.null",
      "instances": []
    },
    {
      "module": "module.gke.module.gcloud_wait_for_cluster",
      "mode": "managed",
      "type": "null_resource",
      "name": "upgrade_destroy",
      "each": "list",
      "provider": "provider.null",
      "instances": []
    },
    {
      "module": "module.gke.module.gcloud_delete_default_kube_dns_configmap.module.gcloud_kubectl",
      "mode": "managed",
      "type": "random_id",
      "name": "cache",
      "each": "list",
      "provider": "provider.random",
      "instances": []
    },
    {
      "module": "module.gke.module.gcloud_wait_for_cluster",
      "mode": "managed",
      "type": "random_id",
      "name": "cache",
      "each": "list",
      "provider": "provider.random",
      "instances": []
    },
    {
      "mode": "managed",
      "type": "random_id",
      "name": "suffix",
      "each": "list",
      "provider": "provider.random",
      "instances": []
    },
    {
      "module": "module.gke",
      "mode": "managed",
      "type": "random_shuffle",
      "name": "available_zones",
      "provider": "provider.random",
      "instances": [
        {
          "schema_version": 0,
          "attributes": {
            "id": "-",
            "input": [
              "us-central1-a",
              "us-central1-b",
              "us-central1-c",
              "us-central1-f"
            ],
            "keepers": null,
            "result": [
              "us-central1-b",
              "us-central1-c",
              "us-central1-f"
            ],
            "result_count": 3,
            "seed": null
          },
          "private": "bnVsbA==",
          "dependencies": [
            "module.project_services.google_project_service.project_services"
          ]
        }
      ]
    },
    {
      "mode": "managed",
      "type": "random_string",
      "name": "autogenerated_gitlab_db_password",
      "provider": "provider.random",
      "instances": [
        {
          "schema_version": 1,
          "attributes": {
            "id": "wzRva3GsFhjO0fuo",
            "keepers": null,
            "length": 16,
            "lower": true,
            "min_lower": 0,
            "min_numeric": 0,
            "min_special": 0,
            "min_upper": 0,
            "number": true,
            "override_special": null,
            "result": "wzRva3GsFhjO0fuo",
            "special": false,
            "upper": true
          },
          "private": "eyJzY2hlbWFfdmVyc2lvbiI6IjEifQ=="
        }
      ]
    },
    {
      "module": "module.gke",
      "mode": "managed",
      "type": "random_string",
      "name": "cluster_service_account_suffix",
      "provider": "provider.random",
      "instances": [
        {
          "schema_version": 1,
          "attributes": {
            "id": "3w8j",
            "keepers": null,
            "length": 4,
            "lower": true,
            "min_lower": 0,
            "min_numeric": 0,
            "min_special": 0,
            "min_upper": 0,
            "number": true,
            "override_special": null,
            "result": "3w8j",
            "special": false,
            "upper": false
          },
          "private": "eyJzY2hlbWFfdmVyc2lvbiI6IjEifQ=="
        }
      ]
    },
    {
      "mode": "managed",
      "type": "time_sleep",
      "name": "sleep_for_cluster_fix_helm_6361",
      "provider": "provider.time",
      "instances": [
        {
          "schema_version": 0,
          "attributes": {
            "create_duration": "180s",
            "destroy_duration": "180s",
            "id": "2020-11-27T06:20:01Z",
            "triggers": null
          },
          "private": "bnVsbA==",
          "dependencies": [
            "google_compute_global_address.gitlab_sql",
            "google_compute_network.gitlab",
            "google_compute_subnetwork.subnetwork",
            "google_service_networking_connection.private_vpc_connection",
            "google_sql_database.gitlabhq_production",
            "google_sql_database_instance.gitlab_db",
            "google_sql_user.gitlab",
            "module.gke.google_container_cluster.primary",
            "module.gke.google_container_node_pool.pools",
            "module.gke.google_service_account.cluster_service_account",
            "module.gke.module.gcloud_wait_for_cluster.null_resource.additional_components",
            "module.gke.module.gcloud_wait_for_cluster.null_resource.decompress",
            "module.gke.module.gcloud_wait_for_cluster.null_resource.gcloud_auth_google_credentials",
            "module.gke.module.gcloud_wait_for_cluster.null_resource.gcloud_auth_service_account_key_file",
            "module.gke.module.gcloud_wait_for_cluster.null_resource.module_depends_on",
            "module.gke.module.gcloud_wait_for_cluster.null_resource.run_command",
            "module.gke.module.gcloud_wait_for_cluster.null_resource.run_destroy_command",
            "module.gke.module.gcloud_wait_for_cluster.random_id.cache",
            "module.gke.random_shuffle.available_zones",
            "module.gke.random_string.cluster_service_account_suffix",
            "module.project_services.google_project_service.project_services",
            "random_id.suffix",
            "random_string.autogenerated_gitlab_db_password"
          ]
        }
      ]
    }
  ]
}
